// !$*UTF8*$!
{
	archiveVersion = 1;
	classes = {
	};
	objectVersion = 46;
	objects = {

/* Begin PBXBuildFile section */
		0186B88018F6BC970059987D /* XCTest.framework in Frameworks */ = {isa = PBXBuildFile; fileRef = 0186B87F18F6BC970059987D /* XCTest.framework */; };
		01BE5AF518FFEAA4009A32E9 /* libPDFKitten.a in Frameworks */ = {isa = PBXBuildFile; fileRef = 87FD1535177DAEDA00070AAA /* libPDFKitten.a */; };
		01BE5AFD18FFF156009A32E9 /* PDFKPageScanner.h in CopyFiles */ = {isa = PBXBuildFile; fileRef = 87FD1572177DB32200070AAA /* PDFKPageScanner.h */; };
		01BE5AFE18FFF156009A32E9 /* PDFKSelection.h in CopyFiles */ = {isa = PBXBuildFile; fileRef = 87FD1574177DB32200070AAA /* PDFKSelection.h */; };
		01BE5AFF18FFF156009A32E9 /* PDFKitten.h in CopyFiles */ = {isa = PBXBuildFile; fileRef = 01BE5AC118FFDB02009A32E9 /* PDFKitten.h */; };
		2C0E15AC13589B0B004096C7 /* UIKit.framework in Frameworks */ = {isa = PBXBuildFile; fileRef = 2C0E15AB13589B0B004096C7 /* UIKit.framework */; };
		2C0E15AE13589B0B004096C7 /* Foundation.framework in Frameworks */ = {isa = PBXBuildFile; fileRef = 2C0E15AD13589B0B004096C7 /* Foundation.framework */; };
		2C0E15B013589B0B004096C7 /* CoreGraphics.framework in Frameworks */ = {isa = PBXBuildFile; fileRef = 2C0E15AF13589B0B004096C7 /* CoreGraphics.framework */; };
		2C1BB5CE168B97960026F266 /* KurtStory.txt in Resources */ = {isa = PBXBuildFile; fileRef = 2C1BB5CB168B91F50026F266 /* KurtStory.txt */; };
		2C35AD70167E02E000BA5F79 /* UIKit.framework in Frameworks */ = {isa = PBXBuildFile; fileRef = 2C0E15AB13589B0B004096C7 /* UIKit.framework */; };
		2C35AD71167E02E000BA5F79 /* Foundation.framework in Frameworks */ = {isa = PBXBuildFile; fileRef = 2C0E15AD13589B0B004096C7 /* Foundation.framework */; };
		2C35AD77167E02E000BA5F79 /* InfoPlist.strings in Resources */ = {isa = PBXBuildFile; fileRef = 2C35AD75167E02E000BA5F79 /* InfoPlist.strings */; };
		2C35AD83167E055A00BA5F79 /* StringDetectorTest.m in Sources */ = {isa = PBXBuildFile; fileRef = 2C35AD82167E055A00BA5F79 /* StringDetectorTest.m */; };
		2C47505F13F3E48200BC2DB9 /* DocumentsView.m in Sources */ = {isa = PBXBuildFile; fileRef = 2C47505D13F3E48200BC2DB9 /* DocumentsView.m */; };
		2C77F7B41442381300767E6A /* Kurt the Cat.pdf in Resources */ = {isa = PBXBuildFile; fileRef = 2C77F7B31442381300767E6A /* Kurt the Cat.pdf */; };
		2C855590137B336C00D58482 /* QuartzCore.framework in Frameworks */ = {isa = PBXBuildFile; fileRef = 2C85558F137B336C00D58482 /* QuartzCore.framework */; };
		2CA0FC9413EEB11B0028DCCD /* RootViewController.m in Sources */ = {isa = PBXBuildFile; fileRef = 2CA0FC9313EEB11B0028DCCD /* RootViewController.m */; };
		2CA0FC9713EEB1210028DCCD /* PDFPage.m in Sources */ = {isa = PBXBuildFile; fileRef = 2CA0FC9613EEB1210028DCCD /* PDFPage.m */; };
		2CA0FCA113EEB1B80028DCCD /* Page.m in Sources */ = {isa = PBXBuildFile; fileRef = 2CA0FCA013EEB1B80028DCCD /* Page.m */; };
		2CA0FCA513EEB1C00028DCCD /* PageViewController.m in Sources */ = {isa = PBXBuildFile; fileRef = 2CA0FCA313EEB1C00028DCCD /* PageViewController.m */; };
		2CA0FCA613EEB1C00028DCCD /* PageViewController.xib in Resources */ = {isa = PBXBuildFile; fileRef = 2CA0FCA413EEB1C00028DCCD /* PageViewController.xib */; };
		2CC77EC114560E2E000E9B8E /* PDFPageDetailsView.m in Sources */ = {isa = PBXBuildFile; fileRef = 2CC77EC014560E2E000E9B8E /* PDFPageDetailsView.m */; };
		2CDC3F80138977C1006CC6FB /* InfoPlist.strings in Resources */ = {isa = PBXBuildFile; fileRef = 2CDC3F7A138977C0006CC6FB /* InfoPlist.strings */; };
		2CDC3F81138977C1006CC6FB /* MainWindow.xib in Resources */ = {isa = PBXBuildFile; fileRef = 2CDC3F7C138977C0006CC6FB /* MainWindow.xib */; };
		2CE7BC9D13896EF0009784B9 /* PageView.m in Sources */ = {isa = PBXBuildFile; fileRef = 2CE7BC9B13896EF0009784B9 /* PageView.m */; };
		2CE7BCAF13896EFB009784B9 /* main.m in Sources */ = {isa = PBXBuildFile; fileRef = 2CE7BCA013896EFB009784B9 /* main.m */; };
		2CE7BCB113896EFB009784B9 /* PDFKittenAppDelegate.m in Sources */ = {isa = PBXBuildFile; fileRef = 2CE7BCA413896EFB009784B9 /* PDFKittenAppDelegate.m */; };
		87472C74177DB7DF00899C6C /* PDFKStringDetector.m in Sources */ = {isa = PBXBuildFile; fileRef = 87472C72177DB7DF00899C6C /* PDFKStringDetector.m */; };
		87472C79177DB7EE00899C6C /* PDFKRenderingState.m in Sources */ = {isa = PBXBuildFile; fileRef = 87472C76177DB7EE00899C6C /* PDFKRenderingState.m */; };
		87472C7A177DB7EE00899C6C /* PDFKRenderingStateStack.m in Sources */ = {isa = PBXBuildFile; fileRef = 87472C78177DB7EE00899C6C /* PDFKRenderingStateStack.m */; };
		87472C85177DB80200899C6C /* PDFKFontFile.m in Sources */ = {isa = PBXBuildFile; fileRef = 87472C7C177DB80200899C6C /* PDFKFontFile.m */; };
		87472C86177DB80200899C6C /* PDFKCMap.m in Sources */ = {isa = PBXBuildFile; fileRef = 87472C7E177DB80200899C6C /* PDFKCMap.m */; };
		87472C87177DB80200899C6C /* PDFKFont.m in Sources */ = {isa = PBXBuildFile; fileRef = 87472C80177DB80200899C6C /* PDFKFont.m */; };
		87472C88177DB80200899C6C /* PDFKFontCollection.m in Sources */ = {isa = PBXBuildFile; fileRef = 87472C82177DB80200899C6C /* PDFKFontCollection.m */; };
		87472C89177DB80200899C6C /* PDFKFontDescriptor.m in Sources */ = {isa = PBXBuildFile; fileRef = 87472C84177DB80200899C6C /* PDFKFontDescriptor.m */; };
		87472C8E177DB81400899C6C /* PDFKCompositeFont.m in Sources */ = {isa = PBXBuildFile; fileRef = 87472C8B177DB81400899C6C /* PDFKCompositeFont.m */; };
		87472C8F177DB81400899C6C /* PDFKType0Font.m in Sources */ = {isa = PBXBuildFile; fileRef = 87472C8D177DB81400899C6C /* PDFKType0Font.m */; };
		87472C97177DB82900899C6C /* PDFKCIDFont.m in Sources */ = {isa = PBXBuildFile; fileRef = 87472C92177DB82900899C6C /* PDFKCIDFont.m */; };
		87472C98177DB82900899C6C /* PDFKCIDType0Font.m in Sources */ = {isa = PBXBuildFile; fileRef = 87472C94177DB82900899C6C /* PDFKCIDType0Font.m */; };
		87472C99177DB82900899C6C /* PDFKCIDType2Font.m in Sources */ = {isa = PBXBuildFile; fileRef = 87472C96177DB82900899C6C /* PDFKCIDType2Font.m */; };
		87472CA4177DB83D00899C6C /* PDFKMMType1Font.m in Sources */ = {isa = PBXBuildFile; fileRef = 87472C9B177DB83D00899C6C /* PDFKMMType1Font.m */; };
		87472CA5177DB83D00899C6C /* PDFKSimpleFont.m in Sources */ = {isa = PBXBuildFile; fileRef = 87472C9D177DB83D00899C6C /* PDFKSimpleFont.m */; };
		87472CA6177DB83D00899C6C /* PDFKTrueTypeFont.m in Sources */ = {isa = PBXBuildFile; fileRef = 87472C9F177DB83D00899C6C /* PDFKTrueTypeFont.m */; };
		87472CA7177DB83D00899C6C /* PDFKType1Font.m in Sources */ = {isa = PBXBuildFile; fileRef = 87472CA1177DB83D00899C6C /* PDFKType1Font.m */; };
		87472CA8177DB83D00899C6C /* PDFKType3Font.m in Sources */ = {isa = PBXBuildFile; fileRef = 87472CA3177DB83D00899C6C /* PDFKType3Font.m */; };
		87D5998517813B630087E81B /* PDFKEncodingDifferences.m in Sources */ = {isa = PBXBuildFile; fileRef = 87D5998417813B630087E81B /* PDFKEncodingDifferences.m */; };
		87D5998F17813C0C0087E81B /* adobe_charset in Resources */ = {isa = PBXBuildFile; fileRef = 87D5998D17813C0C0087E81B /* adobe_charset */; };
		87D5999017813C0C0087E81B /* adobe_glyphs in Resources */ = {isa = PBXBuildFile; fileRef = 87D5998E17813C0C0087E81B /* adobe_glyphs */; };
		87FD1536177DAEDA00070AAA /* Foundation.framework in Frameworks */ = {isa = PBXBuildFile; fileRef = 2C0E15AD13589B0B004096C7 /* Foundation.framework */; };
		87FD1545177DB04C00070AAA /* Security.framework in Frameworks */ = {isa = PBXBuildFile; fileRef = 2C38D8E613EF370700718B0D /* Security.framework */; };
		87FD1546177DB08900070AAA /* UIKit.framework in Frameworks */ = {isa = PBXBuildFile; fileRef = 2C0E15AB13589B0B004096C7 /* UIKit.framework */; };
		87FD1547177DB08F00070AAA /* CoreGraphics.framework in Frameworks */ = {isa = PBXBuildFile; fileRef = 2C0E15AF13589B0B004096C7 /* CoreGraphics.framework */; };
		87FD1548177DB09600070AAA /* QuartzCore.framework in Frameworks */ = {isa = PBXBuildFile; fileRef = 2C85558F137B336C00D58482 /* QuartzCore.framework */; };
		87FD1576177DB32200070AAA /* PDFKPageScanner.m in Sources */ = {isa = PBXBuildFile; fileRef = 87FD1573177DB32200070AAA /* PDFKPageScanner.m */; };
		87FD1577177DB32200070AAA /* PDFKSelection.m in Sources */ = {isa = PBXBuildFile; fileRef = 87FD1575177DB32200070AAA /* PDFKSelection.m */; };
		C0675A251F62A6FC00F97604 /* PDFKittenLib.framework in Frameworks */ = {isa = PBXBuildFile; fileRef = C0675A1C1F62A6FB00F97604 /* PDFKittenLib.framework */; };
		C0675A2C1F62A6FC00F97604 /* PDFKittenLibTests.m in Sources */ = {isa = PBXBuildFile; fileRef = C0675A2B1F62A6FC00F97604 /* PDFKittenLibTests.m */; };
		C0675A2E1F62A6FC00F97604 /* PDFKittenLib.h in Headers */ = {isa = PBXBuildFile; fileRef = C0675A1E1F62A6FC00F97604 /* PDFKittenLib.h */; settings = {ATTRIBUTES = (Public, ); }; };
		C0675A311F62A6FC00F97604 /* PDFKittenLib.framework in Frameworks */ = {isa = PBXBuildFile; fileRef = C0675A1C1F62A6FB00F97604 /* PDFKittenLib.framework */; };
		C0675A321F62A6FC00F97604 /* PDFKittenLib.framework in Embed Frameworks */ = {isa = PBXBuildFile; fileRef = C0675A1C1F62A6FB00F97604 /* PDFKittenLib.framework */; settings = {ATTRIBUTES = (CodeSignOnCopy, RemoveHeadersOnCopy, ); }; };
		C0675A3A1F62B35500F97604 /* PDFKPageScanner.m in Sources */ = {isa = PBXBuildFile; fileRef = 87FD1573177DB32200070AAA /* PDFKPageScanner.m */; };
		C0675A3B1F62B35E00F97604 /* PDFKSelection.m in Sources */ = {isa = PBXBuildFile; fileRef = 87FD1575177DB32200070AAA /* PDFKSelection.m */; };
		C0675A3C1F62B36B00F97604 /* PDFKStringDetector.m in Sources */ = {isa = PBXBuildFile; fileRef = 87472C72177DB7DF00899C6C /* PDFKStringDetector.m */; };
		C0675A3D1F62B37800F97604 /* PDFKRenderingState.m in Sources */ = {isa = PBXBuildFile; fileRef = 87472C76177DB7EE00899C6C /* PDFKRenderingState.m */; };
		C0675A3E1F62B37800F97604 /* PDFKRenderingStateStack.m in Sources */ = {isa = PBXBuildFile; fileRef = 87472C78177DB7EE00899C6C /* PDFKRenderingStateStack.m */; };
		C0675A3F1F62B38E00F97604 /* PDFKFontFile.m in Sources */ = {isa = PBXBuildFile; fileRef = 87472C7C177DB80200899C6C /* PDFKFontFile.m */; };
		C0675A401F62B38E00F97604 /* PDFKFont.m in Sources */ = {isa = PBXBuildFile; fileRef = 87472C80177DB80200899C6C /* PDFKFont.m */; };
		C0675A411F62B38E00F97604 /* PDFKFontCollection.m in Sources */ = {isa = PBXBuildFile; fileRef = 87472C82177DB80200899C6C /* PDFKFontCollection.m */; };
		C0675A421F62B38E00F97604 /* PDFKFontDescriptor.m in Sources */ = {isa = PBXBuildFile; fileRef = 87472C84177DB80200899C6C /* PDFKFontDescriptor.m */; };
		C0675A431F62B39900F97604 /* PDFKCMap.m in Sources */ = {isa = PBXBuildFile; fileRef = 87472C7E177DB80200899C6C /* PDFKCMap.m */; };
		C0675A441F62B3C600F97604 /* PDFKCIDFont.m in Sources */ = {isa = PBXBuildFile; fileRef = 87472C92177DB82900899C6C /* PDFKCIDFont.m */; };
		C0675A451F62B3C600F97604 /* PDFKCIDType0Font.m in Sources */ = {isa = PBXBuildFile; fileRef = 87472C94177DB82900899C6C /* PDFKCIDType0Font.m */; };
		C0675A461F62B3C600F97604 /* PDFKCIDType2Font.m in Sources */ = {isa = PBXBuildFile; fileRef = 87472C96177DB82900899C6C /* PDFKCIDType2Font.m */; };
		C0675A471F62B3C600F97604 /* PDFKCompositeFont.m in Sources */ = {isa = PBXBuildFile; fileRef = 87472C8B177DB81400899C6C /* PDFKCompositeFont.m */; };
		C0675A481F62B3C600F97604 /* PDFKType0Font.m in Sources */ = {isa = PBXBuildFile; fileRef = 87472C8D177DB81400899C6C /* PDFKType0Font.m */; };
		C0675A491F62B3C600F97604 /* PDFKMMType1Font.m in Sources */ = {isa = PBXBuildFile; fileRef = 87472C9B177DB83D00899C6C /* PDFKMMType1Font.m */; };
		C0675A4A1F62B3C600F97604 /* PDFKSimpleFont.m in Sources */ = {isa = PBXBuildFile; fileRef = 87472C9D177DB83D00899C6C /* PDFKSimpleFont.m */; };
		C0675A4B1F62B3C600F97604 /* PDFKTrueTypeFont.m in Sources */ = {isa = PBXBuildFile; fileRef = 87472C9F177DB83D00899C6C /* PDFKTrueTypeFont.m */; };
		C0675A4C1F62B3C600F97604 /* PDFKType1Font.m in Sources */ = {isa = PBXBuildFile; fileRef = 87472CA1177DB83D00899C6C /* PDFKType1Font.m */; };
		C0675A4D1F62B3C600F97604 /* PDFKType3Font.m in Sources */ = {isa = PBXBuildFile; fileRef = 87472CA3177DB83D00899C6C /* PDFKType3Font.m */; };
		C0675A4E1F62B3CE00F97604 /* PDFKEncodingDifferences.m in Sources */ = {isa = PBXBuildFile; fileRef = 87D5998417813B630087E81B /* PDFKEncodingDifferences.m */; };
		C0675A4F1F62B3EF00F97604 /* CoreGraphics.framework in Frameworks */ = {isa = PBXBuildFile; fileRef = 2C0E15AF13589B0B004096C7 /* CoreGraphics.framework */; };
		C0675A501F62B40700F97604 /* Foundation.framework in Frameworks */ = {isa = PBXBuildFile; fileRef = 2C0E15AD13589B0B004096C7 /* Foundation.framework */; };
/* End PBXBuildFile section */

/* Begin PBXContainerItemProxy section */
		01BE5AF318FFEA6E009A32E9 /* PBXContainerItemProxy */ = {
			isa = PBXContainerItemProxy;
			containerPortal = 2C0E159E13589B0B004096C7 /* Project object */;
			proxyType = 1;
			remoteGlobalIDString = 87FD1534177DAEDA00070AAA;
			remoteInfo = PDFKitten;
		};
		2C35AD7F167E035B00BA5F79 /* PBXContainerItemProxy */ = {
			isa = PBXContainerItemProxy;
			containerPortal = 2C0E159E13589B0B004096C7 /* Project object */;
			proxyType = 1;
			remoteGlobalIDString = 2C0E15A613589B0B004096C7;
			remoteInfo = PDFKitten;
		};
		C0675A261F62A6FC00F97604 /* PBXContainerItemProxy */ = {
			isa = PBXContainerItemProxy;
			containerPortal = 2C0E159E13589B0B004096C7 /* Project object */;
			proxyType = 1;
			remoteGlobalIDString = C0675A1B1F62A6FB00F97604;
			remoteInfo = PDFKittenLib;
		};
		C0675A281F62A6FC00F97604 /* PBXContainerItemProxy */ = {
			isa = PBXContainerItemProxy;
			containerPortal = 2C0E159E13589B0B004096C7 /* Project object */;
			proxyType = 1;
			remoteGlobalIDString = 2C0E15A613589B0B004096C7;
			remoteInfo = PDFKittenDemo;
		};
		C0675A2F1F62A6FC00F97604 /* PBXContainerItemProxy */ = {
			isa = PBXContainerItemProxy;
			containerPortal = 2C0E159E13589B0B004096C7 /* Project object */;
			proxyType = 1;
			remoteGlobalIDString = C0675A1B1F62A6FB00F97604;
			remoteInfo = PDFKittenLib;
		};
/* End PBXContainerItemProxy section */

/* Begin PBXCopyFilesBuildPhase section */
		87FD1533177DAEDA00070AAA /* CopyFiles */ = {
			isa = PBXCopyFilesBuildPhase;
			buildActionMask = 2147483647;
			dstPath = "include/${PRODUCT_NAME}";
			dstSubfolderSpec = 11;
			files = (
				01BE5AFD18FFF156009A32E9 /* PDFKPageScanner.h in CopyFiles */,
				01BE5AFE18FFF156009A32E9 /* PDFKSelection.h in CopyFiles */,
				01BE5AFF18FFF156009A32E9 /* PDFKitten.h in CopyFiles */,
			);
			runOnlyForDeploymentPostprocessing = 0;
		};
		C0675A361F62A6FC00F97604 /* Embed Frameworks */ = {
			isa = PBXCopyFilesBuildPhase;
			buildActionMask = 2147483647;
			dstPath = "";
			dstSubfolderSpec = 10;
			files = (
				C0675A321F62A6FC00F97604 /* PDFKittenLib.framework in Embed Frameworks */,
			);
			name = "Embed Frameworks";
			runOnlyForDeploymentPostprocessing = 0;
		};
/* End PBXCopyFilesBuildPhase section */

/* Begin PBXFileReference section */
		0186B85718F6BA2F0059987D /* XCTest.framework */ = {isa = PBXFileReference; lastKnownFileType = wrapper.framework; name = XCTest.framework; path = Library/Frameworks/XCTest.framework; sourceTree = DEVELOPER_DIR; };
		0186B87F18F6BC970059987D /* XCTest.framework */ = {isa = PBXFileReference; lastKnownFileType = wrapper.framework; name = XCTest.framework; path = Library/Frameworks/XCTest.framework; sourceTree = DEVELOPER_DIR; };
		01BE5AC118FFDB02009A32E9 /* PDFKitten.h */ = {isa = PBXFileReference; lastKnownFileType = sourcecode.c.h; path = PDFKitten.h; sourceTree = "<group>"; };
		01BE5AC418FFDE2F009A32E9 /* AudioToolbox.framework */ = {isa = PBXFileReference; lastKnownFileType = wrapper.framework; name = AudioToolbox.framework; path = System/Library/Frameworks/AudioToolbox.framework; sourceTree = SDKROOT; };
		2C0E15AB13589B0B004096C7 /* UIKit.framework */ = {isa = PBXFileReference; lastKnownFileType = wrapper.framework; name = UIKit.framework; path = System/Library/Frameworks/UIKit.framework; sourceTree = SDKROOT; };
		2C0E15AD13589B0B004096C7 /* Foundation.framework */ = {isa = PBXFileReference; lastKnownFileType = wrapper.framework; name = Foundation.framework; path = System/Library/Frameworks/Foundation.framework; sourceTree = SDKROOT; };
		2C0E15AF13589B0B004096C7 /* CoreGraphics.framework */ = {isa = PBXFileReference; lastKnownFileType = wrapper.framework; name = CoreGraphics.framework; path = System/Library/Frameworks/CoreGraphics.framework; sourceTree = SDKROOT; };
		2C1BB5CB168B91F50026F266 /* KurtStory.txt */ = {isa = PBXFileReference; fileEncoding = 4; lastKnownFileType = text; path = KurtStory.txt; sourceTree = "<group>"; };
		2C35AD6E167E02E000BA5F79 /* PDFKittenTests.xctest */ = {isa = PBXFileReference; explicitFileType = wrapper.cfbundle; includeInIndex = 0; path = PDFKittenTests.xctest; sourceTree = BUILT_PRODUCTS_DIR; };
		2C35AD74167E02E000BA5F79 /* PDFKittenTests-Info.plist */ = {isa = PBXFileReference; lastKnownFileType = text.plist.xml; path = "PDFKittenTests-Info.plist"; sourceTree = "<group>"; };
		2C35AD76167E02E000BA5F79 /* en */ = {isa = PBXFileReference; lastKnownFileType = text.plist.strings; name = en; path = en.lproj/InfoPlist.strings; sourceTree = "<group>"; };
		2C35AD7B167E02E000BA5F79 /* PDFKittenTests-Prefix.pch */ = {isa = PBXFileReference; lastKnownFileType = sourcecode.c.h; path = "PDFKittenTests-Prefix.pch"; sourceTree = "<group>"; };
		2C35AD81167E055A00BA5F79 /* StringDetectorTest.h */ = {isa = PBXFileReference; fileEncoding = 4; lastKnownFileType = sourcecode.c.h; path = StringDetectorTest.h; sourceTree = "<group>"; };
		2C35AD82167E055A00BA5F79 /* StringDetectorTest.m */ = {isa = PBXFileReference; fileEncoding = 4; lastKnownFileType = sourcecode.c.objc; path = StringDetectorTest.m; sourceTree = "<group>"; };
		2C38D8E613EF370700718B0D /* Security.framework */ = {isa = PBXFileReference; lastKnownFileType = wrapper.framework; name = Security.framework; path = System/Library/Frameworks/Security.framework; sourceTree = SDKROOT; };
		2C47505C13F3E48200BC2DB9 /* DocumentsView.h */ = {isa = PBXFileReference; fileEncoding = 4; lastKnownFileType = sourcecode.c.h; name = DocumentsView.h; path = PDFKitten/DocumentsView.h; sourceTree = SOURCE_ROOT; };
		2C47505D13F3E48200BC2DB9 /* DocumentsView.m */ = {isa = PBXFileReference; fileEncoding = 4; lastKnownFileType = sourcecode.c.objc; name = DocumentsView.m; path = PDFKitten/DocumentsView.m; sourceTree = SOURCE_ROOT; };
		2C77F7B31442381300767E6A /* Kurt the Cat.pdf */ = {isa = PBXFileReference; lastKnownFileType = image.pdf; name = "Kurt the Cat.pdf"; path = "PDFKitten/Samples/Kurt the Cat.pdf"; sourceTree = SOURCE_ROOT; };
		2C85558F137B336C00D58482 /* QuartzCore.framework */ = {isa = PBXFileReference; lastKnownFileType = wrapper.framework; name = QuartzCore.framework; path = System/Library/Frameworks/QuartzCore.framework; sourceTree = SDKROOT; };
		2CA0FC9213EEB11B0028DCCD /* RootViewController.h */ = {isa = PBXFileReference; fileEncoding = 4; lastKnownFileType = sourcecode.c.h; name = RootViewController.h; path = PDFKitten/RootViewController.h; sourceTree = SOURCE_ROOT; };
		2CA0FC9313EEB11B0028DCCD /* RootViewController.m */ = {isa = PBXFileReference; fileEncoding = 4; lastKnownFileType = sourcecode.c.objc; name = RootViewController.m; path = PDFKitten/RootViewController.m; sourceTree = SOURCE_ROOT; };
		2CA0FC9513EEB1210028DCCD /* PDFPage.h */ = {isa = PBXFileReference; fileEncoding = 4; lastKnownFileType = sourcecode.c.h; name = PDFPage.h; path = PDFKitten/PDFPage.h; sourceTree = SOURCE_ROOT; };
		2CA0FC9613EEB1210028DCCD /* PDFPage.m */ = {isa = PBXFileReference; fileEncoding = 4; lastKnownFileType = sourcecode.c.objc; name = PDFPage.m; path = PDFKitten/PDFPage.m; sourceTree = SOURCE_ROOT; };
		2CA0FC9F13EEB1B80028DCCD /* Page.h */ = {isa = PBXFileReference; fileEncoding = 4; lastKnownFileType = sourcecode.c.h; name = Page.h; path = PDFKitten/Page.h; sourceTree = SOURCE_ROOT; };
		2CA0FCA013EEB1B80028DCCD /* Page.m */ = {isa = PBXFileReference; fileEncoding = 4; lastKnownFileType = sourcecode.c.objc; name = Page.m; path = PDFKitten/Page.m; sourceTree = SOURCE_ROOT; };
		2CA0FCA213EEB1BF0028DCCD /* PageViewController.h */ = {isa = PBXFileReference; fileEncoding = 4; lastKnownFileType = sourcecode.c.h; name = PageViewController.h; path = PDFKitten/PageViewController.h; sourceTree = SOURCE_ROOT; };
		2CA0FCA313EEB1C00028DCCD /* PageViewController.m */ = {isa = PBXFileReference; fileEncoding = 4; lastKnownFileType = sourcecode.c.objc; name = PageViewController.m; path = PDFKitten/PageViewController.m; sourceTree = SOURCE_ROOT; };
		2CA0FCA413EEB1C00028DCCD /* PageViewController.xib */ = {isa = PBXFileReference; fileEncoding = 4; lastKnownFileType = file.xib; name = PageViewController.xib; path = PDFKitten/PageViewController.xib; sourceTree = SOURCE_ROOT; };
		2CC77EBF14560E2D000E9B8E /* PDFPageDetailsView.h */ = {isa = PBXFileReference; fileEncoding = 4; lastKnownFileType = sourcecode.c.h; name = PDFPageDetailsView.h; path = PDFKitten/PDFPageDetailsView.h; sourceTree = SOURCE_ROOT; };
		2CC77EC014560E2E000E9B8E /* PDFPageDetailsView.m */ = {isa = PBXFileReference; fileEncoding = 4; lastKnownFileType = sourcecode.c.objc; name = PDFPageDetailsView.m; path = PDFKitten/PDFPageDetailsView.m; sourceTree = SOURCE_ROOT; };
		2CDC3F7B138977C0006CC6FB /* en */ = {isa = PBXFileReference; lastKnownFileType = text.plist.strings; name = en; path = PDFKitten/en.lproj/InfoPlist.strings; sourceTree = SOURCE_ROOT; };
		2CDC3F7D138977C1006CC6FB /* en */ = {isa = PBXFileReference; lastKnownFileType = file.xib; name = en; path = PDFKitten/en.lproj/MainWindow.xib; sourceTree = SOURCE_ROOT; };
		2CE7BC491389674B009784B9 /* PDFKitten.app */ = {isa = PBXFileReference; explicitFileType = wrapper.application; includeInIndex = 0; path = PDFKitten.app; sourceTree = BUILT_PRODUCTS_DIR; };
		2CE7BC9A13896EF0009784B9 /* PageView.h */ = {isa = PBXFileReference; fileEncoding = 4; lastKnownFileType = sourcecode.c.h; name = PageView.h; path = PDFKitten/PageView.h; sourceTree = SOURCE_ROOT; };
		2CE7BC9B13896EF0009784B9 /* PageView.m */ = {isa = PBXFileReference; fileEncoding = 4; lastKnownFileType = sourcecode.c.objc; name = PageView.m; path = PDFKitten/PageView.m; sourceTree = SOURCE_ROOT; };
		2CE7BC9F13896EFB009784B9 /* PDFKitten-Prefix.pch */ = {isa = PBXFileReference; fileEncoding = 4; lastKnownFileType = sourcecode.c.h; name = "PDFKitten-Prefix.pch"; path = "PDFKitten/PDFKitten-Prefix.pch"; sourceTree = SOURCE_ROOT; };
		2CE7BCA013896EFB009784B9 /* main.m */ = {isa = PBXFileReference; fileEncoding = 4; lastKnownFileType = sourcecode.c.objc; name = main.m; path = PDFKitten/main.m; sourceTree = SOURCE_ROOT; };
		2CE7BCA313896EFB009784B9 /* PDFKittenAppDelegate.h */ = {isa = PBXFileReference; fileEncoding = 4; lastKnownFileType = sourcecode.c.h; name = PDFKittenAppDelegate.h; path = PDFKitten/PDFKittenAppDelegate.h; sourceTree = SOURCE_ROOT; };
		2CE7BCA413896EFB009784B9 /* PDFKittenAppDelegate.m */ = {isa = PBXFileReference; fileEncoding = 4; lastKnownFileType = sourcecode.c.objc; name = PDFKittenAppDelegate.m; path = PDFKitten/PDFKittenAppDelegate.m; sourceTree = SOURCE_ROOT; };
		2CE7BCAA13896EFB009784B9 /* PDFKitten-Info.plist */ = {isa = PBXFileReference; fileEncoding = 4; lastKnownFileType = text.plist.xml; name = "PDFKitten-Info.plist"; path = "PDFKitten/PDFKitten-Info.plist"; sourceTree = SOURCE_ROOT; };
		87472C71177DB7DF00899C6C /* PDFKStringDetector.h */ = {isa = PBXFileReference; fileEncoding = 4; lastKnownFileType = sourcecode.c.h; name = PDFKStringDetector.h; path = Core/PDFKStringDetector.h; sourceTree = "<group>"; };
		87472C72177DB7DF00899C6C /* PDFKStringDetector.m */ = {isa = PBXFileReference; fileEncoding = 4; lastKnownFileType = sourcecode.c.objc; name = PDFKStringDetector.m; path = Core/PDFKStringDetector.m; sourceTree = "<group>"; };
		87472C73177DB7DF00899C6C /* PDFStringDetectorDelegate.h */ = {isa = PBXFileReference; fileEncoding = 4; lastKnownFileType = sourcecode.c.h; name = PDFStringDetectorDelegate.h; path = Core/PDFStringDetectorDelegate.h; sourceTree = "<group>"; };
		87472C75177DB7EE00899C6C /* PDFKRenderingState.h */ = {isa = PBXFileReference; fileEncoding = 4; lastKnownFileType = sourcecode.c.h; name = PDFKRenderingState.h; path = Core/PDFKRenderingState.h; sourceTree = "<group>"; };
		87472C76177DB7EE00899C6C /* PDFKRenderingState.m */ = {isa = PBXFileReference; fileEncoding = 4; lastKnownFileType = sourcecode.c.objc; name = PDFKRenderingState.m; path = Core/PDFKRenderingState.m; sourceTree = "<group>"; };
		87472C77177DB7EE00899C6C /* PDFKRenderingStateStack.h */ = {isa = PBXFileReference; fileEncoding = 4; lastKnownFileType = sourcecode.c.h; name = PDFKRenderingStateStack.h; path = Core/PDFKRenderingStateStack.h; sourceTree = "<group>"; };
		87472C78177DB7EE00899C6C /* PDFKRenderingStateStack.m */ = {isa = PBXFileReference; fileEncoding = 4; lastKnownFileType = sourcecode.c.objc; name = PDFKRenderingStateStack.m; path = Core/PDFKRenderingStateStack.m; sourceTree = "<group>"; };
		87472C7B177DB80200899C6C /* PDFKFontFile.h */ = {isa = PBXFileReference; fileEncoding = 4; lastKnownFileType = sourcecode.c.h; name = PDFKFontFile.h; path = Core/PDFKFontFile.h; sourceTree = "<group>"; };
		87472C7C177DB80200899C6C /* PDFKFontFile.m */ = {isa = PBXFileReference; fileEncoding = 4; lastKnownFileType = sourcecode.c.objc; name = PDFKFontFile.m; path = Core/PDFKFontFile.m; sourceTree = "<group>"; };
		87472C7D177DB80200899C6C /* PDFKCMap.h */ = {isa = PBXFileReference; fileEncoding = 4; lastKnownFileType = sourcecode.c.h; name = PDFKCMap.h; path = Core/PDFKCMap.h; sourceTree = "<group>"; };
		87472C7E177DB80200899C6C /* PDFKCMap.m */ = {isa = PBXFileReference; fileEncoding = 4; lastKnownFileType = sourcecode.c.objc; name = PDFKCMap.m; path = Core/PDFKCMap.m; sourceTree = "<group>"; };
		87472C7F177DB80200899C6C /* PDFKFont.h */ = {isa = PBXFileReference; fileEncoding = 4; lastKnownFileType = sourcecode.c.h; name = PDFKFont.h; path = Core/PDFKFont.h; sourceTree = "<group>"; };
		87472C80177DB80200899C6C /* PDFKFont.m */ = {isa = PBXFileReference; fileEncoding = 4; lastKnownFileType = sourcecode.c.objc; name = PDFKFont.m; path = Core/PDFKFont.m; sourceTree = "<group>"; };
		87472C81177DB80200899C6C /* PDFKFontCollection.h */ = {isa = PBXFileReference; fileEncoding = 4; lastKnownFileType = sourcecode.c.h; name = PDFKFontCollection.h; path = Core/PDFKFontCollection.h; sourceTree = "<group>"; };
		87472C82177DB80200899C6C /* PDFKFontCollection.m */ = {isa = PBXFileReference; fileEncoding = 4; lastKnownFileType = sourcecode.c.objc; name = PDFKFontCollection.m; path = Core/PDFKFontCollection.m; sourceTree = "<group>"; };
		87472C83177DB80200899C6C /* PDFKFontDescriptor.h */ = {isa = PBXFileReference; fileEncoding = 4; lastKnownFileType = sourcecode.c.h; name = PDFKFontDescriptor.h; path = Core/PDFKFontDescriptor.h; sourceTree = "<group>"; };
		87472C84177DB80200899C6C /* PDFKFontDescriptor.m */ = {isa = PBXFileReference; fileEncoding = 4; lastKnownFileType = sourcecode.c.objc; name = PDFKFontDescriptor.m; path = Core/PDFKFontDescriptor.m; sourceTree = "<group>"; };
		87472C8A177DB81400899C6C /* PDFKCompositeFont.h */ = {isa = PBXFileReference; fileEncoding = 4; lastKnownFileType = sourcecode.c.h; name = PDFKCompositeFont.h; path = Core/PDFKCompositeFont.h; sourceTree = "<group>"; };
		87472C8B177DB81400899C6C /* PDFKCompositeFont.m */ = {isa = PBXFileReference; fileEncoding = 4; lastKnownFileType = sourcecode.c.objc; name = PDFKCompositeFont.m; path = Core/PDFKCompositeFont.m; sourceTree = "<group>"; };
		87472C8C177DB81400899C6C /* PDFKType0Font.h */ = {isa = PBXFileReference; fileEncoding = 4; lastKnownFileType = sourcecode.c.h; name = PDFKType0Font.h; path = Core/PDFKType0Font.h; sourceTree = "<group>"; };
		87472C8D177DB81400899C6C /* PDFKType0Font.m */ = {isa = PBXFileReference; fileEncoding = 4; lastKnownFileType = sourcecode.c.objc; name = PDFKType0Font.m; path = Core/PDFKType0Font.m; sourceTree = "<group>"; };
		87472C91177DB82900899C6C /* PDFKCIDFont.h */ = {isa = PBXFileReference; fileEncoding = 4; lastKnownFileType = sourcecode.c.h; name = PDFKCIDFont.h; path = Core/PDFKCIDFont.h; sourceTree = "<group>"; };
		87472C92177DB82900899C6C /* PDFKCIDFont.m */ = {isa = PBXFileReference; fileEncoding = 4; lastKnownFileType = sourcecode.c.objc; name = PDFKCIDFont.m; path = Core/PDFKCIDFont.m; sourceTree = "<group>"; };
		87472C93177DB82900899C6C /* PDFKCIDType0Font.h */ = {isa = PBXFileReference; fileEncoding = 4; lastKnownFileType = sourcecode.c.h; name = PDFKCIDType0Font.h; path = Core/PDFKCIDType0Font.h; sourceTree = "<group>"; };
		87472C94177DB82900899C6C /* PDFKCIDType0Font.m */ = {isa = PBXFileReference; fileEncoding = 4; lastKnownFileType = sourcecode.c.objc; name = PDFKCIDType0Font.m; path = Core/PDFKCIDType0Font.m; sourceTree = "<group>"; };
		87472C95177DB82900899C6C /* PDFKCIDType2Font.h */ = {isa = PBXFileReference; fileEncoding = 4; lastKnownFileType = sourcecode.c.h; name = PDFKCIDType2Font.h; path = Core/PDFKCIDType2Font.h; sourceTree = "<group>"; };
		87472C96177DB82900899C6C /* PDFKCIDType2Font.m */ = {isa = PBXFileReference; fileEncoding = 4; lastKnownFileType = sourcecode.c.objc; name = PDFKCIDType2Font.m; path = Core/PDFKCIDType2Font.m; sourceTree = "<group>"; };
		87472C9A177DB83D00899C6C /* PDFKMMType1Font.h */ = {isa = PBXFileReference; fileEncoding = 4; lastKnownFileType = sourcecode.c.h; name = PDFKMMType1Font.h; path = Core/PDFKMMType1Font.h; sourceTree = "<group>"; };
		87472C9B177DB83D00899C6C /* PDFKMMType1Font.m */ = {isa = PBXFileReference; fileEncoding = 4; lastKnownFileType = sourcecode.c.objc; name = PDFKMMType1Font.m; path = Core/PDFKMMType1Font.m; sourceTree = "<group>"; };
		87472C9C177DB83D00899C6C /* PDFKSimpleFont.h */ = {isa = PBXFileReference; fileEncoding = 4; lastKnownFileType = sourcecode.c.h; name = PDFKSimpleFont.h; path = Core/PDFKSimpleFont.h; sourceTree = "<group>"; };
		87472C9D177DB83D00899C6C /* PDFKSimpleFont.m */ = {isa = PBXFileReference; fileEncoding = 4; lastKnownFileType = sourcecode.c.objc; name = PDFKSimpleFont.m; path = Core/PDFKSimpleFont.m; sourceTree = "<group>"; };
		87472C9E177DB83D00899C6C /* PDFKTrueTypeFont.h */ = {isa = PBXFileReference; fileEncoding = 4; lastKnownFileType = sourcecode.c.h; name = PDFKTrueTypeFont.h; path = Core/PDFKTrueTypeFont.h; sourceTree = "<group>"; };
		87472C9F177DB83D00899C6C /* PDFKTrueTypeFont.m */ = {isa = PBXFileReference; fileEncoding = 4; lastKnownFileType = sourcecode.c.objc; name = PDFKTrueTypeFont.m; path = Core/PDFKTrueTypeFont.m; sourceTree = "<group>"; };
		87472CA0177DB83D00899C6C /* PDFKType1Font.h */ = {isa = PBXFileReference; fileEncoding = 4; lastKnownFileType = sourcecode.c.h; name = PDFKType1Font.h; path = Core/PDFKType1Font.h; sourceTree = "<group>"; };
		87472CA1177DB83D00899C6C /* PDFKType1Font.m */ = {isa = PBXFileReference; fileEncoding = 4; lastKnownFileType = sourcecode.c.objc; name = PDFKType1Font.m; path = Core/PDFKType1Font.m; sourceTree = "<group>"; };
		87472CA2177DB83D00899C6C /* PDFKType3Font.h */ = {isa = PBXFileReference; fileEncoding = 4; lastKnownFileType = sourcecode.c.h; name = PDFKType3Font.h; path = Core/PDFKType3Font.h; sourceTree = "<group>"; };
		87472CA3177DB83D00899C6C /* PDFKType3Font.m */ = {isa = PBXFileReference; fileEncoding = 4; lastKnownFileType = sourcecode.c.objc; name = PDFKType3Font.m; path = Core/PDFKType3Font.m; sourceTree = "<group>"; };
		87D5998317813B630087E81B /* PDFKEncodingDifferences.h */ = {isa = PBXFileReference; fileEncoding = 4; lastKnownFileType = sourcecode.c.h; name = PDFKEncodingDifferences.h; path = Core/PDFKEncodingDifferences.h; sourceTree = "<group>"; };
		87D5998417813B630087E81B /* PDFKEncodingDifferences.m */ = {isa = PBXFileReference; fileEncoding = 4; lastKnownFileType = sourcecode.c.objc; name = PDFKEncodingDifferences.m; path = Core/PDFKEncodingDifferences.m; sourceTree = "<group>"; };
		87D5998D17813C0C0087E81B /* adobe_charset */ = {isa = PBXFileReference; fileEncoding = 4; lastKnownFileType = text; name = adobe_charset; path = resources/adobe_charset; sourceTree = "<group>"; };
		87D5998E17813C0C0087E81B /* adobe_glyphs */ = {isa = PBXFileReference; fileEncoding = 4; lastKnownFileType = text; name = adobe_glyphs; path = resources/adobe_glyphs; sourceTree = "<group>"; };
		87FD1535177DAEDA00070AAA /* libPDFKitten.a */ = {isa = PBXFileReference; explicitFileType = archive.ar; includeInIndex = 0; path = libPDFKitten.a; sourceTree = BUILT_PRODUCTS_DIR; };
		87FD1549177DB0B000070AAA /* PDFKittenLib-Prefix.pch */ = {isa = PBXFileReference; fileEncoding = 4; lastKnownFileType = sourcecode.c.h; path = "PDFKittenLib-Prefix.pch"; sourceTree = "<group>"; };
		87FD1572177DB32200070AAA /* PDFKPageScanner.h */ = {isa = PBXFileReference; fileEncoding = 4; lastKnownFileType = sourcecode.c.h; path = PDFKPageScanner.h; sourceTree = "<group>"; };
		87FD1573177DB32200070AAA /* PDFKPageScanner.m */ = {isa = PBXFileReference; fileEncoding = 4; lastKnownFileType = sourcecode.c.objc; path = PDFKPageScanner.m; sourceTree = "<group>"; };
		87FD1574177DB32200070AAA /* PDFKSelection.h */ = {isa = PBXFileReference; fileEncoding = 4; lastKnownFileType = sourcecode.c.h; path = PDFKSelection.h; sourceTree = "<group>"; };
		87FD1575177DB32200070AAA /* PDFKSelection.m */ = {isa = PBXFileReference; fileEncoding = 4; lastKnownFileType = sourcecode.c.objc; path = PDFKSelection.m; sourceTree = "<group>"; };
		C0675A1C1F62A6FB00F97604 /* PDFKittenLib.framework */ = {isa = PBXFileReference; explicitFileType = wrapper.framework; includeInIndex = 0; path = PDFKittenLib.framework; sourceTree = BUILT_PRODUCTS_DIR; };
		C0675A1E1F62A6FC00F97604 /* PDFKittenLib.h */ = {isa = PBXFileReference; lastKnownFileType = sourcecode.c.h; path = PDFKittenLib.h; sourceTree = "<group>"; };
		C0675A1F1F62A6FC00F97604 /* Info.plist */ = {isa = PBXFileReference; lastKnownFileType = text.plist.xml; path = Info.plist; sourceTree = "<group>"; };
		C0675A241F62A6FC00F97604 /* PDFKittenLibTests.xctest */ = {isa = PBXFileReference; explicitFileType = wrapper.cfbundle; includeInIndex = 0; path = PDFKittenLibTests.xctest; sourceTree = BUILT_PRODUCTS_DIR; };
		C0675A2B1F62A6FC00F97604 /* PDFKittenLibTests.m */ = {isa = PBXFileReference; lastKnownFileType = sourcecode.c.objc; path = PDFKittenLibTests.m; sourceTree = "<group>"; };
		C0675A2D1F62A6FC00F97604 /* Info.plist */ = {isa = PBXFileReference; lastKnownFileType = text.plist.xml; path = Info.plist; sourceTree = "<group>"; };
/* End PBXFileReference section */

/* Begin PBXFrameworksBuildPhase section */
		2C0E15A413589B0B004096C7 /* Frameworks */ = {
			isa = PBXFrameworksBuildPhase;
			buildActionMask = 2147483647;
			files = (
				01BE5AF518FFEAA4009A32E9 /* libPDFKitten.a in Frameworks */,
				2C0E15AC13589B0B004096C7 /* UIKit.framework in Frameworks */,
				2C0E15AE13589B0B004096C7 /* Foundation.framework in Frameworks */,
				2C0E15B013589B0B004096C7 /* CoreGraphics.framework in Frameworks */,
				C0675A311F62A6FC00F97604 /* PDFKittenLib.framework in Frameworks */,
				2C855590137B336C00D58482 /* QuartzCore.framework in Frameworks */,
			);
			runOnlyForDeploymentPostprocessing = 0;
		};
		2C35AD6A167E02E000BA5F79 /* Frameworks */ = {
			isa = PBXFrameworksBuildPhase;
			buildActionMask = 2147483647;
			files = (
				0186B88018F6BC970059987D /* XCTest.framework in Frameworks */,
				2C35AD70167E02E000BA5F79 /* UIKit.framework in Frameworks */,
				2C35AD71167E02E000BA5F79 /* Foundation.framework in Frameworks */,
			);
			runOnlyForDeploymentPostprocessing = 0;
		};
		87FD1532177DAEDA00070AAA /* Frameworks */ = {
			isa = PBXFrameworksBuildPhase;
			buildActionMask = 2147483647;
			files = (
				87FD1548177DB09600070AAA /* QuartzCore.framework in Frameworks */,
				87FD1547177DB08F00070AAA /* CoreGraphics.framework in Frameworks */,
				87FD1546177DB08900070AAA /* UIKit.framework in Frameworks */,
				87FD1545177DB04C00070AAA /* Security.framework in Frameworks */,
				87FD1536177DAEDA00070AAA /* Foundation.framework in Frameworks */,
			);
			runOnlyForDeploymentPostprocessing = 0;
		};
		C0675A181F62A6FB00F97604 /* Frameworks */ = {
			isa = PBXFrameworksBuildPhase;
			buildActionMask = 2147483647;
			files = (
				C0675A501F62B40700F97604 /* Foundation.framework in Frameworks */,
				C0675A4F1F62B3EF00F97604 /* CoreGraphics.framework in Frameworks */,
			);
			runOnlyForDeploymentPostprocessing = 0;
		};
		C0675A211F62A6FC00F97604 /* Frameworks */ = {
			isa = PBXFrameworksBuildPhase;
			buildActionMask = 2147483647;
			files = (
				C0675A251F62A6FC00F97604 /* PDFKittenLib.framework in Frameworks */,
			);
			runOnlyForDeploymentPostprocessing = 0;
		};
/* End PBXFrameworksBuildPhase section */

/* Begin PBXGroup section */
		2C0E159C13589B0B004096C7 = {
			isa = PBXGroup;
			children = (
				87D5998C17813BEE0087E81B /* resources */,
				2C0E15B113589B0B004096C7 /* PDFKitten */,
				2C35AD72167E02E000BA5F79 /* PDFKittenTests */,
				87FD1537177DAEDA00070AAA /* PDFKittenLib */,
				C0675A1D1F62A6FB00F97604 /* PDFKittenLib */,
				C0675A2A1F62A6FC00F97604 /* PDFKittenLibTests */,
				2C0E15AA13589B0B004096C7 /* Frameworks */,
				2C0E15A813589B0B004096C7 /* Products */,
			);
			sourceTree = "<group>";
		};
		2C0E15A813589B0B004096C7 /* Products */ = {
			isa = PBXGroup;
			children = (
				2CE7BC491389674B009784B9 /* PDFKitten.app */,
				2C35AD6E167E02E000BA5F79 /* PDFKittenTests.xctest */,
				87FD1535177DAEDA00070AAA /* libPDFKitten.a */,
				C0675A1C1F62A6FB00F97604 /* PDFKittenLib.framework */,
				C0675A241F62A6FC00F97604 /* PDFKittenLibTests.xctest */,
			);
			name = Products;
			sourceTree = "<group>";
		};
		2C0E15AA13589B0B004096C7 /* Frameworks */ = {
			isa = PBXGroup;
			children = (
				01BE5AC418FFDE2F009A32E9 /* AudioToolbox.framework */,
				0186B87F18F6BC970059987D /* XCTest.framework */,
				2C38D8E613EF370700718B0D /* Security.framework */,
				2C85558F137B336C00D58482 /* QuartzCore.framework */,
				2C0E15AB13589B0B004096C7 /* UIKit.framework */,
				2C0E15AD13589B0B004096C7 /* Foundation.framework */,
				2C0E15AF13589B0B004096C7 /* CoreGraphics.framework */,
				0186B85718F6BA2F0059987D /* XCTest.framework */,
			);
			name = Frameworks;
			sourceTree = "<group>";
		};
		2C0E15B113589B0B004096C7 /* PDFKitten */ = {
			isa = PBXGroup;
			children = (
				2C0E15B213589B0B004096C7 /* View Controllers */,
				2CA0FC9A13EEB1430028DCCD /* Resources */,
				2CA0FC9E13EEB1910028DCCD /* Other Sources */,
			);
			path = PDFKitten;
			sourceTree = "<group>";
		};
		2C0E15B213589B0B004096C7 /* View Controllers */ = {
			isa = PBXGroup;
			children = (
				2C12935213E585F00090C70F /* PageViewController */,
				2CA0FC9213EEB11B0028DCCD /* RootViewController.h */,
				2CA0FC9313EEB11B0028DCCD /* RootViewController.m */,
				2CC77EBF14560E2D000E9B8E /* PDFPageDetailsView.h */,
				2CC77EC014560E2E000E9B8E /* PDFPageDetailsView.m */,
				2C47505C13F3E48200BC2DB9 /* DocumentsView.h */,
				2C47505D13F3E48200BC2DB9 /* DocumentsView.m */,
				2CE7BCA313896EFB009784B9 /* PDFKittenAppDelegate.h */,
				2CE7BCA413896EFB009784B9 /* PDFKittenAppDelegate.m */,
			);
			name = "View Controllers";
			sourceTree = "<group>";
		};
		2C12935213E585F00090C70F /* PageViewController */ = {
			isa = PBXGroup;
			children = (
				2CA0FC9513EEB1210028DCCD /* PDFPage.h */,
				2CA0FC9613EEB1210028DCCD /* PDFPage.m */,
				2CA0FC9F13EEB1B80028DCCD /* Page.h */,
				2CA0FCA013EEB1B80028DCCD /* Page.m */,
				2CE7BC9A13896EF0009784B9 /* PageView.h */,
				2CE7BC9B13896EF0009784B9 /* PageView.m */,
				2CA0FCA213EEB1BF0028DCCD /* PageViewController.h */,
				2CA0FCA313EEB1C00028DCCD /* PageViewController.m */,
				2CA0FCA413EEB1C00028DCCD /* PageViewController.xib */,
			);
			name = PageViewController;
			sourceTree = "<group>";
		};
		2C35AD72167E02E000BA5F79 /* PDFKittenTests */ = {
			isa = PBXGroup;
			children = (
				2C35AD81167E055A00BA5F79 /* StringDetectorTest.h */,
				2C35AD82167E055A00BA5F79 /* StringDetectorTest.m */,
				2C35AD73167E02E000BA5F79 /* Supporting Files */,
			);
			path = PDFKittenTests;
			sourceTree = "<group>";
		};
		2C35AD73167E02E000BA5F79 /* Supporting Files */ = {
			isa = PBXGroup;
			children = (
				2C1BB5CB168B91F50026F266 /* KurtStory.txt */,
				2C35AD74167E02E000BA5F79 /* PDFKittenTests-Info.plist */,
				2C35AD75167E02E000BA5F79 /* InfoPlist.strings */,
				2C35AD7B167E02E000BA5F79 /* PDFKittenTests-Prefix.pch */,
			);
			name = "Supporting Files";
			sourceTree = "<group>";
		};
		2CA0FC9A13EEB1430028DCCD /* Resources */ = {
			isa = PBXGroup;
			children = (
				2C77F7B31442381300767E6A /* Kurt the Cat.pdf */,
				2CDC3F7A138977C0006CC6FB /* InfoPlist.strings */,
				2CE7BCAA13896EFB009784B9 /* PDFKitten-Info.plist */,
				2CDC3F7C138977C0006CC6FB /* MainWindow.xib */,
			);
			name = Resources;
			sourceTree = "<group>";
		};
		2CA0FC9E13EEB1910028DCCD /* Other Sources */ = {
			isa = PBXGroup;
			children = (
				2CE7BC9F13896EFB009784B9 /* PDFKitten-Prefix.pch */,
				2CE7BCA013896EFB009784B9 /* main.m */,
			);
			name = "Other Sources";
			sourceTree = "<group>";
		};
		87472C6B177DB6CA00899C6C /* Font */ = {
			isa = PBXGroup;
			children = (
				87D5998317813B630087E81B /* PDFKEncodingDifferences.h */,
				87D5998417813B630087E81B /* PDFKEncodingDifferences.m */,
				87472C7B177DB80200899C6C /* PDFKFontFile.h */,
				87472C7C177DB80200899C6C /* PDFKFontFile.m */,
				87472C7D177DB80200899C6C /* PDFKCMap.h */,
				87472C7E177DB80200899C6C /* PDFKCMap.m */,
				87472C7F177DB80200899C6C /* PDFKFont.h */,
				87472C80177DB80200899C6C /* PDFKFont.m */,
				87472C81177DB80200899C6C /* PDFKFontCollection.h */,
				87472C82177DB80200899C6C /* PDFKFontCollection.m */,
				87472C83177DB80200899C6C /* PDFKFontDescriptor.h */,
				87472C84177DB80200899C6C /* PDFKFontDescriptor.m */,
				87472C6E177DB71F00899C6C /* Subtypes */,
			);
			name = Font;
			sourceTree = "<group>";
		};
		87472C6C177DB6D200899C6C /* RenderingState */ = {
			isa = PBXGroup;
			children = (
				87472C75177DB7EE00899C6C /* PDFKRenderingState.h */,
				87472C76177DB7EE00899C6C /* PDFKRenderingState.m */,
				87472C77177DB7EE00899C6C /* PDFKRenderingStateStack.h */,
				87472C78177DB7EE00899C6C /* PDFKRenderingStateStack.m */,
			);
			name = RenderingState;
			sourceTree = "<group>";
		};
		87472C6D177DB6DA00899C6C /* StringDetector */ = {
			isa = PBXGroup;
			children = (
				87472C71177DB7DF00899C6C /* PDFKStringDetector.h */,
				87472C72177DB7DF00899C6C /* PDFKStringDetector.m */,
				87472C73177DB7DF00899C6C /* PDFStringDetectorDelegate.h */,
			);
			name = StringDetector;
			sourceTree = "<group>";
		};
		87472C6E177DB71F00899C6C /* Subtypes */ = {
			isa = PBXGroup;
			children = (
				87472C6F177DB72B00899C6C /* Composite Fonts */,
				87472C70177DB73300899C6C /* Simple Fonts */,
			);
			name = Subtypes;
			sourceTree = "<group>";
		};
		87472C6F177DB72B00899C6C /* Composite Fonts */ = {
			isa = PBXGroup;
			children = (
				87472C91177DB82900899C6C /* PDFKCIDFont.h */,
				87472C92177DB82900899C6C /* PDFKCIDFont.m */,
				87472C93177DB82900899C6C /* PDFKCIDType0Font.h */,
				87472C94177DB82900899C6C /* PDFKCIDType0Font.m */,
				87472C95177DB82900899C6C /* PDFKCIDType2Font.h */,
				87472C96177DB82900899C6C /* PDFKCIDType2Font.m */,
				87472C8A177DB81400899C6C /* PDFKCompositeFont.h */,
				87472C8B177DB81400899C6C /* PDFKCompositeFont.m */,
				87472C8C177DB81400899C6C /* PDFKType0Font.h */,
				87472C8D177DB81400899C6C /* PDFKType0Font.m */,
			);
			name = "Composite Fonts";
			sourceTree = "<group>";
		};
		87472C70177DB73300899C6C /* Simple Fonts */ = {
			isa = PBXGroup;
			children = (
				87472C9A177DB83D00899C6C /* PDFKMMType1Font.h */,
				87472C9B177DB83D00899C6C /* PDFKMMType1Font.m */,
				87472C9C177DB83D00899C6C /* PDFKSimpleFont.h */,
				87472C9D177DB83D00899C6C /* PDFKSimpleFont.m */,
				87472C9E177DB83D00899C6C /* PDFKTrueTypeFont.h */,
				87472C9F177DB83D00899C6C /* PDFKTrueTypeFont.m */,
				87472CA0177DB83D00899C6C /* PDFKType1Font.h */,
				87472CA1177DB83D00899C6C /* PDFKType1Font.m */,
				87472CA2177DB83D00899C6C /* PDFKType3Font.h */,
				87472CA3177DB83D00899C6C /* PDFKType3Font.m */,
			);
			name = "Simple Fonts";
			sourceTree = "<group>";
		};
		87D5998C17813BEE0087E81B /* resources */ = {
			isa = PBXGroup;
			children = (
				87D5998D17813C0C0087E81B /* adobe_charset */,
				87D5998E17813C0C0087E81B /* adobe_glyphs */,
			);
			name = resources;
			sourceTree = "<group>";
		};
		87FD1537177DAEDA00070AAA /* PDFKittenLib */ = {
			isa = PBXGroup;
			children = (
				87472C6D177DB6DA00899C6C /* StringDetector */,
				87472C6C177DB6D200899C6C /* RenderingState */,
				87472C6B177DB6CA00899C6C /* Font */,
				87FD1572177DB32200070AAA /* PDFKPageScanner.h */,
				87FD1573177DB32200070AAA /* PDFKPageScanner.m */,
				87FD1574177DB32200070AAA /* PDFKSelection.h */,
				87FD1575177DB32200070AAA /* PDFKSelection.m */,
				01BE5AC118FFDB02009A32E9 /* PDFKitten.h */,
				87FD1538177DAEDA00070AAA /* Supporting Files */,
			);
			path = PDFKittenLib;
			sourceTree = "<group>";
		};
		87FD1538177DAEDA00070AAA /* Supporting Files */ = {
			isa = PBXGroup;
			children = (
				87FD1549177DB0B000070AAA /* PDFKittenLib-Prefix.pch */,
			);
			name = "Supporting Files";
			sourceTree = "<group>";
		};
		C0675A1D1F62A6FB00F97604 /* PDFKittenLib */ = {
			isa = PBXGroup;
			children = (
				C0675A1E1F62A6FC00F97604 /* PDFKittenLib.h */,
				C0675A1F1F62A6FC00F97604 /* Info.plist */,
			);
			path = PDFKittenLib;
			sourceTree = "<group>";
		};
		C0675A2A1F62A6FC00F97604 /* PDFKittenLibTests */ = {
			isa = PBXGroup;
			children = (
				C0675A2B1F62A6FC00F97604 /* PDFKittenLibTests.m */,
				C0675A2D1F62A6FC00F97604 /* Info.plist */,
			);
			path = PDFKittenLibTests;
			sourceTree = "<group>";
		};
/* End PBXGroup section */

/* Begin PBXHeadersBuildPhase section */
		C0675A191F62A6FB00F97604 /* Headers */ = {
			isa = PBXHeadersBuildPhase;
			buildActionMask = 2147483647;
			files = (
				C0675A2E1F62A6FC00F97604 /* PDFKittenLib.h in Headers */,
			);
			runOnlyForDeploymentPostprocessing = 0;
		};
/* End PBXHeadersBuildPhase section */

/* Begin PBXNativeTarget section */
		2C0E15A613589B0B004096C7 /* PDFKittenDemo */ = {
			isa = PBXNativeTarget;
			buildConfigurationList = 2C0E15DE13589B0C004096C7 /* Build configuration list for PBXNativeTarget "PDFKittenDemo" */;
			buildPhases = (
				2C0E15A313589B0B004096C7 /* Sources */,
				2C0E15A413589B0B004096C7 /* Frameworks */,
				2C0E15A513589B0B004096C7 /* Resources */,
				C0675A361F62A6FC00F97604 /* Embed Frameworks */,
			);
			buildRules = (
			);
			dependencies = (
				01BE5AF418FFEA6E009A32E9 /* PBXTargetDependency */,
				C0675A301F62A6FC00F97604 /* PBXTargetDependency */,
			);
			name = PDFKittenDemo;
			productName = PDFDemo;
			productReference = 2CE7BC491389674B009784B9 /* PDFKitten.app */;
			productType = "com.apple.product-type.application";
		};
		2C35AD6D167E02E000BA5F79 /* PDFKittenTests */ = {
			isa = PBXNativeTarget;
			buildConfigurationList = 2C35AD7C167E02E000BA5F79 /* Build configuration list for PBXNativeTarget "PDFKittenTests" */;
			buildPhases = (
				2C35AD69167E02E000BA5F79 /* Sources */,
				2C35AD6A167E02E000BA5F79 /* Frameworks */,
				2C35AD6B167E02E000BA5F79 /* Resources */,
				2C35AD6C167E02E000BA5F79 /* ShellScript */,
			);
			buildRules = (
			);
			dependencies = (
				2C35AD80167E035B00BA5F79 /* PBXTargetDependency */,
			);
			name = PDFKittenTests;
			productName = PDFKittenTests;
			productReference = 2C35AD6E167E02E000BA5F79 /* PDFKittenTests.xctest */;
			productType = "com.apple.product-type.bundle.unit-test";
		};
		87FD1534177DAEDA00070AAA /* PDFKitten */ = {
			isa = PBXNativeTarget;
			buildConfigurationList = 87FD1540177DAEDA00070AAA /* Build configuration list for PBXNativeTarget "PDFKitten" */;
			buildPhases = (
				87FD1531177DAEDA00070AAA /* Sources */,
				87FD1532177DAEDA00070AAA /* Frameworks */,
				87FD1533177DAEDA00070AAA /* CopyFiles */,
			);
			buildRules = (
			);
			dependencies = (
			);
			name = PDFKitten;
			productName = PDFKittenLib;
			productReference = 87FD1535177DAEDA00070AAA /* libPDFKitten.a */;
			productType = "com.apple.product-type.library.static";
		};
		C0675A1B1F62A6FB00F97604 /* PDFKittenLib */ = {
			isa = PBXNativeTarget;
			buildConfigurationList = C0675A331F62A6FC00F97604 /* Build configuration list for PBXNativeTarget "PDFKittenLib" */;
			buildPhases = (
				C0675A171F62A6FB00F97604 /* Sources */,
				C0675A181F62A6FB00F97604 /* Frameworks */,
				C0675A191F62A6FB00F97604 /* Headers */,
				C0675A1A1F62A6FB00F97604 /* Resources */,
			);
			buildRules = (
			);
			dependencies = (
			);
			name = PDFKittenLib;
			productName = PDFKittenLib;
			productReference = C0675A1C1F62A6FB00F97604 /* PDFKittenLib.framework */;
			productType = "com.apple.product-type.framework";
		};
		C0675A231F62A6FC00F97604 /* PDFKittenLibTests */ = {
			isa = PBXNativeTarget;
			buildConfigurationList = C0675A371F62A6FC00F97604 /* Build configuration list for PBXNativeTarget "PDFKittenLibTests" */;
			buildPhases = (
				C0675A201F62A6FC00F97604 /* Sources */,
				C0675A211F62A6FC00F97604 /* Frameworks */,
				C0675A221F62A6FC00F97604 /* Resources */,
			);
			buildRules = (
			);
			dependencies = (
				C0675A271F62A6FC00F97604 /* PBXTargetDependency */,
				C0675A291F62A6FC00F97604 /* PBXTargetDependency */,
			);
			name = PDFKittenLibTests;
			productName = PDFKittenLibTests;
			productReference = C0675A241F62A6FC00F97604 /* PDFKittenLibTests.xctest */;
			productType = "com.apple.product-type.bundle.unit-test";
		};
/* End PBXNativeTarget section */

/* Begin PBXProject section */
		2C0E159E13589B0B004096C7 /* Project object */ = {
			isa = PBXProject;
			attributes = {
				LastUpgradeCheck = 0900;
				ORGANIZATIONNAME = "Chalmers Göteborg";
				TargetAttributes = {
					2C35AD6D167E02E000BA5F79 = {
						TestTargetID = 2C0E15A613589B0B004096C7;
					};
					C0675A1B1F62A6FB00F97604 = {
						CreatedOnToolsVersion = 9.0;
						ProvisioningStyle = Automatic;
					};
					C0675A231F62A6FC00F97604 = {
						CreatedOnToolsVersion = 9.0;
						DevelopmentTeam = 7KYE23EN5P;
						ProvisioningStyle = Automatic;
						TestTargetID = 2C0E15A613589B0B004096C7;
					};
				};
			};
			buildConfigurationList = 2C0E15A113589B0B004096C7 /* Build configuration list for PBXProject "PDFKitten" */;
			compatibilityVersion = "Xcode 3.2";
			developmentRegion = English;
			hasScannedForEncodings = 0;
			knownRegions = (
				en,
			);
			mainGroup = 2C0E159C13589B0B004096C7;
			productRefGroup = 2C0E15A813589B0B004096C7 /* Products */;
			projectDirPath = "";
			projectRoot = "";
			targets = (
				2C0E15A613589B0B004096C7 /* PDFKittenDemo */,
				2C35AD6D167E02E000BA5F79 /* PDFKittenTests */,
				87FD1534177DAEDA00070AAA /* PDFKitten */,
				C0675A1B1F62A6FB00F97604 /* PDFKittenLib */,
				C0675A231F62A6FC00F97604 /* PDFKittenLibTests */,
			);
		};
/* End PBXProject section */

/* Begin PBXResourcesBuildPhase section */
		2C0E15A513589B0B004096C7 /* Resources */ = {
			isa = PBXResourcesBuildPhase;
			buildActionMask = 2147483647;
			files = (
				2CDC3F80138977C1006CC6FB /* InfoPlist.strings in Resources */,
				2CDC3F81138977C1006CC6FB /* MainWindow.xib in Resources */,
				2CA0FCA613EEB1C00028DCCD /* PageViewController.xib in Resources */,
				2C77F7B41442381300767E6A /* Kurt the Cat.pdf in Resources */,
				87D5998F17813C0C0087E81B /* adobe_charset in Resources */,
				87D5999017813C0C0087E81B /* adobe_glyphs in Resources */,
			);
			runOnlyForDeploymentPostprocessing = 0;
		};
		2C35AD6B167E02E000BA5F79 /* Resources */ = {
			isa = PBXResourcesBuildPhase;
			buildActionMask = 2147483647;
			files = (
				2C1BB5CE168B97960026F266 /* KurtStory.txt in Resources */,
				2C35AD77167E02E000BA5F79 /* InfoPlist.strings in Resources */,
			);
			runOnlyForDeploymentPostprocessing = 0;
		};
		C0675A1A1F62A6FB00F97604 /* Resources */ = {
			isa = PBXResourcesBuildPhase;
			buildActionMask = 2147483647;
			files = (
			);
			runOnlyForDeploymentPostprocessing = 0;
		};
		C0675A221F62A6FC00F97604 /* Resources */ = {
			isa = PBXResourcesBuildPhase;
			buildActionMask = 2147483647;
			files = (
			);
			runOnlyForDeploymentPostprocessing = 0;
		};
/* End PBXResourcesBuildPhase section */

/* Begin PBXShellScriptBuildPhase section */
		2C35AD6C167E02E000BA5F79 /* ShellScript */ = {
			isa = PBXShellScriptBuildPhase;
			buildActionMask = 2147483647;
			files = (
			);
			inputPaths = (
			);
			outputPaths = (
			);
			runOnlyForDeploymentPostprocessing = 0;
			shellPath = /bin/sh;
			shellScript = "# Run the unit tests in this test bundle.\n\"${SYSTEM_DEVELOPER_DIR}/Tools/RunUnitTests\"\n";
		};
/* End PBXShellScriptBuildPhase section */

/* Begin PBXSourcesBuildPhase section */
		2C0E15A313589B0B004096C7 /* Sources */ = {
			isa = PBXSourcesBuildPhase;
			buildActionMask = 2147483647;
			files = (
				2CE7BC9D13896EF0009784B9 /* PageView.m in Sources */,
				2CE7BCAF13896EFB009784B9 /* main.m in Sources */,
				2CE7BCB113896EFB009784B9 /* PDFKittenAppDelegate.m in Sources */,
				2CA0FC9413EEB11B0028DCCD /* RootViewController.m in Sources */,
				2CA0FC9713EEB1210028DCCD /* PDFPage.m in Sources */,
				2CA0FCA113EEB1B80028DCCD /* Page.m in Sources */,
				2CA0FCA513EEB1C00028DCCD /* PageViewController.m in Sources */,
				2C47505F13F3E48200BC2DB9 /* DocumentsView.m in Sources */,
				2CC77EC114560E2E000E9B8E /* PDFPageDetailsView.m in Sources */,
			);
			runOnlyForDeploymentPostprocessing = 0;
		};
		2C35AD69167E02E000BA5F79 /* Sources */ = {
			isa = PBXSourcesBuildPhase;
			buildActionMask = 2147483647;
			files = (
				2C35AD83167E055A00BA5F79 /* StringDetectorTest.m in Sources */,
			);
			runOnlyForDeploymentPostprocessing = 0;
		};
		87FD1531177DAEDA00070AAA /* Sources */ = {
			isa = PBXSourcesBuildPhase;
			buildActionMask = 2147483647;
			files = (
				87FD1576177DB32200070AAA /* PDFKPageScanner.m in Sources */,
				87FD1577177DB32200070AAA /* PDFKSelection.m in Sources */,
				87472C74177DB7DF00899C6C /* PDFKStringDetector.m in Sources */,
				87472C79177DB7EE00899C6C /* PDFKRenderingState.m in Sources */,
				87472C7A177DB7EE00899C6C /* PDFKRenderingStateStack.m in Sources */,
				87472C85177DB80200899C6C /* PDFKFontFile.m in Sources */,
				87472C86177DB80200899C6C /* PDFKCMap.m in Sources */,
				87472C87177DB80200899C6C /* PDFKFont.m in Sources */,
				87472C88177DB80200899C6C /* PDFKFontCollection.m in Sources */,
				87472C89177DB80200899C6C /* PDFKFontDescriptor.m in Sources */,
				87472C8E177DB81400899C6C /* PDFKCompositeFont.m in Sources */,
				87472C8F177DB81400899C6C /* PDFKType0Font.m in Sources */,
				87472C97177DB82900899C6C /* PDFKCIDFont.m in Sources */,
				87472C98177DB82900899C6C /* PDFKCIDType0Font.m in Sources */,
				87472C99177DB82900899C6C /* PDFKCIDType2Font.m in Sources */,
				87472CA4177DB83D00899C6C /* PDFKMMType1Font.m in Sources */,
				87472CA5177DB83D00899C6C /* PDFKSimpleFont.m in Sources */,
				87472CA6177DB83D00899C6C /* PDFKTrueTypeFont.m in Sources */,
				87472CA7177DB83D00899C6C /* PDFKType1Font.m in Sources */,
				87472CA8177DB83D00899C6C /* PDFKType3Font.m in Sources */,
				87D5998517813B630087E81B /* PDFKEncodingDifferences.m in Sources */,
			);
			runOnlyForDeploymentPostprocessing = 0;
		};
		C0675A171F62A6FB00F97604 /* Sources */ = {
			isa = PBXSourcesBuildPhase;
			buildActionMask = 2147483647;
			files = (
				C0675A4E1F62B3CE00F97604 /* PDFKEncodingDifferences.m in Sources */,
				C0675A441F62B3C600F97604 /* PDFKCIDFont.m in Sources */,
				C0675A451F62B3C600F97604 /* PDFKCIDType0Font.m in Sources */,
				C0675A461F62B3C600F97604 /* PDFKCIDType2Font.m in Sources */,
				C0675A471F62B3C600F97604 /* PDFKCompositeFont.m in Sources */,
				C0675A481F62B3C600F97604 /* PDFKType0Font.m in Sources */,
				C0675A491F62B3C600F97604 /* PDFKMMType1Font.m in Sources */,
				C0675A4A1F62B3C600F97604 /* PDFKSimpleFont.m in Sources */,
				C0675A4B1F62B3C600F97604 /* PDFKTrueTypeFont.m in Sources */,
				C0675A4C1F62B3C600F97604 /* PDFKType1Font.m in Sources */,
				C0675A4D1F62B3C600F97604 /* PDFKType3Font.m in Sources */,
				C0675A431F62B39900F97604 /* PDFKCMap.m in Sources */,
				C0675A3F1F62B38E00F97604 /* PDFKFontFile.m in Sources */,
				C0675A401F62B38E00F97604 /* PDFKFont.m in Sources */,
				C0675A411F62B38E00F97604 /* PDFKFontCollection.m in Sources */,
				C0675A421F62B38E00F97604 /* PDFKFontDescriptor.m in Sources */,
				C0675A3D1F62B37800F97604 /* PDFKRenderingState.m in Sources */,
				C0675A3E1F62B37800F97604 /* PDFKRenderingStateStack.m in Sources */,
				C0675A3C1F62B36B00F97604 /* PDFKStringDetector.m in Sources */,
				C0675A3B1F62B35E00F97604 /* PDFKSelection.m in Sources */,
				C0675A3A1F62B35500F97604 /* PDFKPageScanner.m in Sources */,
			);
			runOnlyForDeploymentPostprocessing = 0;
		};
		C0675A201F62A6FC00F97604 /* Sources */ = {
			isa = PBXSourcesBuildPhase;
			buildActionMask = 2147483647;
			files = (
				C0675A2C1F62A6FC00F97604 /* PDFKittenLibTests.m in Sources */,
			);
			runOnlyForDeploymentPostprocessing = 0;
		};
/* End PBXSourcesBuildPhase section */

/* Begin PBXTargetDependency section */
		01BE5AF418FFEA6E009A32E9 /* PBXTargetDependency */ = {
			isa = PBXTargetDependency;
			target = 87FD1534177DAEDA00070AAA /* PDFKitten */;
			targetProxy = 01BE5AF318FFEA6E009A32E9 /* PBXContainerItemProxy */;
		};
		2C35AD80167E035B00BA5F79 /* PBXTargetDependency */ = {
			isa = PBXTargetDependency;
			target = 2C0E15A613589B0B004096C7 /* PDFKittenDemo */;
			targetProxy = 2C35AD7F167E035B00BA5F79 /* PBXContainerItemProxy */;
		};
		C0675A271F62A6FC00F97604 /* PBXTargetDependency */ = {
			isa = PBXTargetDependency;
			target = C0675A1B1F62A6FB00F97604 /* PDFKittenLib */;
			targetProxy = C0675A261F62A6FC00F97604 /* PBXContainerItemProxy */;
		};
		C0675A291F62A6FC00F97604 /* PBXTargetDependency */ = {
			isa = PBXTargetDependency;
			target = 2C0E15A613589B0B004096C7 /* PDFKittenDemo */;
			targetProxy = C0675A281F62A6FC00F97604 /* PBXContainerItemProxy */;
		};
		C0675A301F62A6FC00F97604 /* PBXTargetDependency */ = {
			isa = PBXTargetDependency;
			target = C0675A1B1F62A6FB00F97604 /* PDFKittenLib */;
			targetProxy = C0675A2F1F62A6FC00F97604 /* PBXContainerItemProxy */;
		};
/* End PBXTargetDependency section */

/* Begin PBXVariantGroup section */
		2C35AD75167E02E000BA5F79 /* InfoPlist.strings */ = {
			isa = PBXVariantGroup;
			children = (
				2C35AD76167E02E000BA5F79 /* en */,
			);
			name = InfoPlist.strings;
			sourceTree = "<group>";
		};
		2CDC3F7A138977C0006CC6FB /* InfoPlist.strings */ = {
			isa = PBXVariantGroup;
			children = (
				2CDC3F7B138977C0006CC6FB /* en */,
			);
			name = InfoPlist.strings;
			sourceTree = "<group>";
		};
		2CDC3F7C138977C0006CC6FB /* MainWindow.xib */ = {
			isa = PBXVariantGroup;
			children = (
				2CDC3F7D138977C1006CC6FB /* en */,
			);
			name = MainWindow.xib;
			sourceTree = "<group>";
		};
/* End PBXVariantGroup section */

/* Begin XCBuildConfiguration section */
		2C0E15DC13589B0C004096C7 /* Debug */ = {
			isa = XCBuildConfiguration;
			buildSettings = {
				CLANG_WARN_BLOCK_CAPTURE_AUTORELEASING = YES;
				CLANG_WARN_BOOL_CONVERSION = YES;
				CLANG_WARN_COMMA = YES;
				CLANG_WARN_CONSTANT_CONVERSION = YES;
				CLANG_WARN_EMPTY_BODY = YES;
				CLANG_WARN_ENUM_CONVERSION = YES;
				CLANG_WARN_INFINITE_RECURSION = YES;
				CLANG_WARN_INT_CONVERSION = YES;
				CLANG_WARN_NON_LITERAL_NULL_CONVERSION = YES;
				CLANG_WARN_OBJC_LITERAL_CONVERSION = YES;
				CLANG_WARN_RANGE_LOOP_ANALYSIS = YES;
				CLANG_WARN_STRICT_PROTOTYPES = YES;
				CLANG_WARN_SUSPICIOUS_MOVE = YES;
				CLANG_WARN_UNREACHABLE_CODE = YES;
				CLANG_WARN__DUPLICATE_METHOD_MATCH = YES;
				ENABLE_STRICT_OBJC_MSGSEND = YES;
				ENABLE_TESTABILITY = YES;
				GCC_C_LANGUAGE_STANDARD = gnu99;
				GCC_NO_COMMON_BLOCKS = YES;
				GCC_OPTIMIZATION_LEVEL = 0;
				GCC_PREPROCESSOR_DEFINITIONS = DEBUG;
				GCC_SYMBOLS_PRIVATE_EXTERN = NO;
				GCC_VERSION = "";
				GCC_WARN_64_TO_32_BIT_CONVERSION = YES;
				GCC_WARN_ABOUT_RETURN_TYPE = YES;
				GCC_WARN_UNDECLARED_SELECTOR = YES;
				GCC_WARN_UNINITIALIZED_AUTOS = YES;
				GCC_WARN_UNUSED_FUNCTION = YES;
				GCC_WARN_UNUSED_VARIABLE = YES;
				IPHONEOS_DEPLOYMENT_TARGET = 8.0;
				ONLY_ACTIVE_ARCH = YES;
				SDKROOT = iphoneos;
				TARGETED_DEVICE_FAMILY = 2;
			};
			name = Debug;
		};
		2C0E15DD13589B0C004096C7 /* Release */ = {
			isa = XCBuildConfiguration;
			buildSettings = {
				CLANG_WARN_BLOCK_CAPTURE_AUTORELEASING = YES;
				CLANG_WARN_BOOL_CONVERSION = YES;
				CLANG_WARN_COMMA = YES;
				CLANG_WARN_CONSTANT_CONVERSION = YES;
				CLANG_WARN_EMPTY_BODY = YES;
				CLANG_WARN_ENUM_CONVERSION = YES;
				CLANG_WARN_INFINITE_RECURSION = YES;
				CLANG_WARN_INT_CONVERSION = YES;
				CLANG_WARN_NON_LITERAL_NULL_CONVERSION = YES;
				CLANG_WARN_OBJC_LITERAL_CONVERSION = YES;
				CLANG_WARN_RANGE_LOOP_ANALYSIS = YES;
				CLANG_WARN_STRICT_PROTOTYPES = YES;
				CLANG_WARN_SUSPICIOUS_MOVE = YES;
				CLANG_WARN_UNREACHABLE_CODE = YES;
				CLANG_WARN__DUPLICATE_METHOD_MATCH = YES;
				ENABLE_STRICT_OBJC_MSGSEND = YES;
				GCC_C_LANGUAGE_STANDARD = gnu99;
				GCC_NO_COMMON_BLOCKS = YES;
				GCC_VERSION = "";
				GCC_WARN_64_TO_32_BIT_CONVERSION = YES;
				GCC_WARN_ABOUT_RETURN_TYPE = YES;
				GCC_WARN_UNDECLARED_SELECTOR = YES;
				GCC_WARN_UNINITIALIZED_AUTOS = YES;
				GCC_WARN_UNUSED_FUNCTION = YES;
				GCC_WARN_UNUSED_VARIABLE = YES;
				IPHONEOS_DEPLOYMENT_TARGET = 8.0;
				OTHER_CFLAGS = "-DNS_BLOCK_ASSERTIONS=1";
				SDKROOT = iphoneos;
				TARGETED_DEVICE_FAMILY = 2;
			};
			name = Release;
		};
		2C0E15DF13589B0C004096C7 /* Debug */ = {
			isa = XCBuildConfiguration;
			buildSettings = {
				ALWAYS_SEARCH_USER_PATHS = NO;
				CLANG_ENABLE_OBJC_ARC = YES;
				CLANG_WARN_OBJC_MISSING_PROPERTY_SYNTHESIS = NO;
				CODE_SIGN_IDENTITY = "iPhone Developer";
				COPY_PHASE_STRIP = NO;
				FRAMEWORK_SEARCH_PATHS = "$(inherited)";
				GCC_DYNAMIC_NO_PIC = NO;
				GCC_PRECOMPILE_PREFIX_HEADER = YES;
				GCC_PREFIX_HEADER = "PDFKitten/PDFKitten-Prefix.pch";
				GCC_VERSION = "";
				HEADER_SEARCH_PATHS = (
					"$(inherited)",
					"$(TARGET_BUILD_DIR)/usr/local/lib/include",
					"$(OBJROOT)/UninstalledProducts/include",
				);
				INFOPLIST_FILE = "PDFKitten/PDFKitten-Info.plist";
				IPHONEOS_DEPLOYMENT_TARGET = 8.0;
				LD_RUNPATH_SEARCH_PATHS = "$(inherited) @executable_path/Frameworks";
				PRODUCT_BUNDLE_IDENTIFIER = "com.KurtCode.${PRODUCT_NAME:rfc1034identifier}";
				PRODUCT_NAME = PDFKitten;
				WRAPPER_EXTENSION = app;
			};
			name = Debug;
		};
		2C0E15E013589B0C004096C7 /* Release */ = {
			isa = XCBuildConfiguration;
			buildSettings = {
				ALWAYS_SEARCH_USER_PATHS = NO;
				CLANG_ENABLE_OBJC_ARC = YES;
				CLANG_WARN_OBJC_MISSING_PROPERTY_SYNTHESIS = NO;
				CODE_SIGN_IDENTITY = "iPhone Developer";
				COPY_PHASE_STRIP = YES;
				FRAMEWORK_SEARCH_PATHS = "$(inherited)";
				GCC_PRECOMPILE_PREFIX_HEADER = YES;
				GCC_PREFIX_HEADER = "PDFKitten/PDFKitten-Prefix.pch";
				GCC_VERSION = "";
				HEADER_SEARCH_PATHS = (
					"$(inherited)",
					"$(TARGET_BUILD_DIR)/usr/local/lib/include",
					"$(OBJROOT)/UninstalledProducts/include",
				);
				INFOPLIST_FILE = "PDFKitten/PDFKitten-Info.plist";
				IPHONEOS_DEPLOYMENT_TARGET = 8.0;
				LD_RUNPATH_SEARCH_PATHS = "$(inherited) @executable_path/Frameworks";
				PRODUCT_BUNDLE_IDENTIFIER = "com.KurtCode.${PRODUCT_NAME:rfc1034identifier}";
				PRODUCT_NAME = PDFKitten;
				VALIDATE_PRODUCT = YES;
				WRAPPER_EXTENSION = app;
			};
			name = Release;
		};
		2C35AD7D167E02E000BA5F79 /* Debug */ = {
			isa = XCBuildConfiguration;
			buildSettings = {
				ALWAYS_SEARCH_USER_PATHS = NO;
				BUNDLE_LOADER = "$(BUILT_PRODUCTS_DIR)/PDFKitten.app/PDFKitten";
				CLANG_CXX_LANGUAGE_STANDARD = "gnu++0x";
				CLANG_CXX_LIBRARY = "libc++";
				CLANG_ENABLE_OBJC_ARC = YES;
				CLANG_WARN_EMPTY_BODY = YES;
				CLANG_WARN__DUPLICATE_METHOD_MATCH = YES;
				COPY_PHASE_STRIP = NO;
				FRAMEWORK_SEARCH_PATHS = (
					"$(SDKROOT)/Developer/Library/Frameworks",
					"$(inherited)",
					"$(DEVELOPER_FRAMEWORKS_DIR)",
				);
				GCC_DYNAMIC_NO_PIC = NO;
				GCC_PRECOMPILE_PREFIX_HEADER = YES;
				GCC_PREFIX_HEADER = "PDFKittenTests/PDFKittenTests-Prefix.pch";
				GCC_PREPROCESSOR_DEFINITIONS = (
					"DEBUG=1",
					"$(inherited)",
				);
				GCC_VERSION = com.apple.compilers.llvm.clang.1_0;
				INFOPLIST_FILE = "PDFKittenTests/PDFKittenTests-Info.plist";
				IPHONEOS_DEPLOYMENT_TARGET = 8.0;
				ONLY_ACTIVE_ARCH = YES;
				PRODUCT_BUNDLE_IDENTIFIER = "com.kurtcode.${PRODUCT_NAME:rfc1034identifier}";
				PRODUCT_NAME = "$(TARGET_NAME)";
				TEST_HOST = "$(BUNDLE_LOADER)";
			};
			name = Debug;
		};
		2C35AD7E167E02E000BA5F79 /* Release */ = {
			isa = XCBuildConfiguration;
			buildSettings = {
				ALWAYS_SEARCH_USER_PATHS = NO;
				BUNDLE_LOADER = "$(BUILT_PRODUCTS_DIR)/PDFKitten.app/PDFKitten";
				CLANG_CXX_LANGUAGE_STANDARD = "gnu++0x";
				CLANG_CXX_LIBRARY = "libc++";
				CLANG_ENABLE_OBJC_ARC = YES;
				CLANG_WARN_EMPTY_BODY = YES;
				CLANG_WARN__DUPLICATE_METHOD_MATCH = YES;
				COPY_PHASE_STRIP = YES;
				FRAMEWORK_SEARCH_PATHS = (
					"$(SDKROOT)/Developer/Library/Frameworks",
					"$(inherited)",
					"$(DEVELOPER_FRAMEWORKS_DIR)",
				);
				GCC_PRECOMPILE_PREFIX_HEADER = YES;
				GCC_PREFIX_HEADER = "PDFKittenTests/PDFKittenTests-Prefix.pch";
				GCC_VERSION = com.apple.compilers.llvm.clang.1_0;
				INFOPLIST_FILE = "PDFKittenTests/PDFKittenTests-Info.plist";
				IPHONEOS_DEPLOYMENT_TARGET = 8.0;
				PRODUCT_BUNDLE_IDENTIFIER = "com.kurtcode.${PRODUCT_NAME:rfc1034identifier}";
				PRODUCT_NAME = "$(TARGET_NAME)";
				TEST_HOST = "$(BUNDLE_LOADER)";
				VALIDATE_PRODUCT = YES;
			};
			name = Release;
		};
		87FD153E177DAEDA00070AAA /* Debug */ = {
			isa = XCBuildConfiguration;
			buildSettings = {
				ALWAYS_SEARCH_USER_PATHS = NO;
				CLANG_CXX_LANGUAGE_STANDARD = "gnu++0x";
				CLANG_CXX_LIBRARY = "libc++";
				CLANG_ENABLE_OBJC_ARC = YES;
				CLANG_WARN_CONSTANT_CONVERSION = YES;
				CLANG_WARN_EMPTY_BODY = YES;
				CLANG_WARN_ENUM_CONVERSION = YES;
				CLANG_WARN_INT_CONVERSION = YES;
				CLANG_WARN__DUPLICATE_METHOD_MATCH = YES;
				COPY_PHASE_STRIP = NO;
				DSTROOT = /tmp/PDFKittenLib.dst;
				GCC_DYNAMIC_NO_PIC = NO;
				GCC_PRECOMPILE_PREFIX_HEADER = YES;
				GCC_PREFIX_HEADER = "PDFKittenLib/PDFKittenLib-Prefix.pch";
				GCC_PREPROCESSOR_DEFINITIONS = (
					"DEBUG=1",
					"$(inherited)",
				);
				GCC_VERSION = "";
				GCC_WARN_UNINITIALIZED_AUTOS = YES;
				IPHONEOS_DEPLOYMENT_TARGET = 8.0;
				ONLY_ACTIVE_ARCH = NO;
				OTHER_LDFLAGS = "-ObjC";
				PRODUCT_NAME = "$(TARGET_NAME)";
				SKIP_INSTALL = YES;
			};
			name = Debug;
		};
		87FD153F177DAEDA00070AAA /* Release */ = {
			isa = XCBuildConfiguration;
			buildSettings = {
				ALWAYS_SEARCH_USER_PATHS = NO;
				CLANG_CXX_LANGUAGE_STANDARD = "gnu++0x";
				CLANG_CXX_LIBRARY = "libc++";
				CLANG_ENABLE_OBJC_ARC = YES;
				CLANG_WARN_CONSTANT_CONVERSION = YES;
				CLANG_WARN_EMPTY_BODY = YES;
				CLANG_WARN_ENUM_CONVERSION = YES;
				CLANG_WARN_INT_CONVERSION = YES;
				CLANG_WARN__DUPLICATE_METHOD_MATCH = YES;
				COPY_PHASE_STRIP = YES;
				DSTROOT = /tmp/PDFKittenLib.dst;
				GCC_PRECOMPILE_PREFIX_HEADER = YES;
				GCC_PREFIX_HEADER = "PDFKittenLib/PDFKittenLib-Prefix.pch";
				GCC_VERSION = "";
				GCC_WARN_UNINITIALIZED_AUTOS = YES;
				IPHONEOS_DEPLOYMENT_TARGET = 8.0;
				OTHER_LDFLAGS = "-ObjC";
				PRODUCT_NAME = "$(TARGET_NAME)";
				SKIP_INSTALL = YES;
				VALIDATE_PRODUCT = YES;
			};
			name = Release;
		};
		C0675A341F62A6FC00F97604 /* Debug */ = {
			isa = XCBuildConfiguration;
			buildSettings = {
				ALWAYS_SEARCH_USER_PATHS = NO;
				CLANG_ANALYZER_NONNULL = YES;
				CLANG_ANALYZER_NUMBER_OBJECT_CONVERSION = YES_AGGRESSIVE;
				CLANG_CXX_LANGUAGE_STANDARD = "gnu++14";
				CLANG_CXX_LIBRARY = "libc++";
				CLANG_ENABLE_MODULES = YES;
				CLANG_ENABLE_OBJC_ARC = YES;
				CLANG_WARN_DIRECT_OBJC_ISA_USAGE = YES_ERROR;
				CLANG_WARN_DOCUMENTATION_COMMENTS = YES;
				CLANG_WARN_OBJC_ROOT_CLASS = YES_ERROR;
				CLANG_WARN_UNGUARDED_AVAILABILITY = YES_AGGRESSIVE;
				CODE_SIGN_IDENTITY = "iPhone Developer";
				CODE_SIGN_STYLE = Automatic;
				COPY_PHASE_STRIP = NO;
				CURRENT_PROJECT_VERSION = 1;
				DEBUG_INFORMATION_FORMAT = dwarf;
				DEFINES_MODULE = YES;
				DYLIB_COMPATIBILITY_VERSION = 1;
				DYLIB_CURRENT_VERSION = 1;
				DYLIB_INSTALL_NAME_BASE = "@rpath";
				GCC_C_LANGUAGE_STANDARD = gnu11;
				GCC_DYNAMIC_NO_PIC = NO;
				GCC_PREPROCESSOR_DEFINITIONS = (
					"DEBUG=1",
					"$(inherited)",
				);
				GCC_WARN_ABOUT_RETURN_TYPE = YES_ERROR;
				GCC_WARN_UNINITIALIZED_AUTOS = YES_AGGRESSIVE;
				INFOPLIST_FILE = PDFKittenLib/Info.plist;
				INSTALL_PATH = "$(LOCAL_LIBRARY_DIR)/Frameworks";
				IPHONEOS_DEPLOYMENT_TARGET = 11.0;
				LD_RUNPATH_SEARCH_PATHS = "$(inherited) @executable_path/Frameworks @loader_path/Frameworks";
				MTL_ENABLE_DEBUG_INFO = YES;
				PRODUCT_BUNDLE_IDENTIFIER = com.ghostdust.PDFKittenLib;
				PRODUCT_NAME = "$(TARGET_NAME:c99extidentifier)";
				SKIP_INSTALL = YES;
				TARGETED_DEVICE_FAMILY = "1,2";
				VERSIONING_SYSTEM = "apple-generic";
				VERSION_INFO_PREFIX = "";
			};
			name = Debug;
		};
		C0675A351F62A6FC00F97604 /* Release */ = {
			isa = XCBuildConfiguration;
			buildSettings = {
				ALWAYS_SEARCH_USER_PATHS = NO;
				CLANG_ANALYZER_NONNULL = YES;
				CLANG_ANALYZER_NUMBER_OBJECT_CONVERSION = YES_AGGRESSIVE;
				CLANG_CXX_LANGUAGE_STANDARD = "gnu++14";
				CLANG_CXX_LIBRARY = "libc++";
				CLANG_ENABLE_MODULES = YES;
				CLANG_ENABLE_OBJC_ARC = YES;
				CLANG_WARN_DIRECT_OBJC_ISA_USAGE = YES_ERROR;
				CLANG_WARN_DOCUMENTATION_COMMENTS = YES;
				CLANG_WARN_OBJC_ROOT_CLASS = YES_ERROR;
				CLANG_WARN_UNGUARDED_AVAILABILITY = YES_AGGRESSIVE;
				CODE_SIGN_IDENTITY = "iPhone Developer";
				CODE_SIGN_STYLE = Automatic;
				COPY_PHASE_STRIP = NO;
				CURRENT_PROJECT_VERSION = 1;
				DEBUG_INFORMATION_FORMAT = "dwarf-with-dsym";
				DEFINES_MODULE = YES;
				DYLIB_COMPATIBILITY_VERSION = 1;
				DYLIB_CURRENT_VERSION = 1;
				DYLIB_INSTALL_NAME_BASE = "@rpath";
				ENABLE_NS_ASSERTIONS = NO;
				GCC_C_LANGUAGE_STANDARD = gnu11;
				GCC_WARN_ABOUT_RETURN_TYPE = YES_ERROR;
				GCC_WARN_UNINITIALIZED_AUTOS = YES_AGGRESSIVE;
				INFOPLIST_FILE = PDFKittenLib/Info.plist;
				INSTALL_PATH = "$(LOCAL_LIBRARY_DIR)/Frameworks";
				IPHONEOS_DEPLOYMENT_TARGET = 11.0;
				LD_RUNPATH_SEARCH_PATHS = "$(inherited) @executable_path/Frameworks @loader_path/Frameworks";
				MTL_ENABLE_DEBUG_INFO = NO;
				PRODUCT_BUNDLE_IDENTIFIER = com.ghostdust.PDFKittenLib;
				PRODUCT_NAME = "$(TARGET_NAME:c99extidentifier)";
				SKIP_INSTALL = YES;
				TARGETED_DEVICE_FAMILY = "1,2";
				VALIDATE_PRODUCT = YES;
				VERSIONING_SYSTEM = "apple-generic";
				VERSION_INFO_PREFIX = "";
			};
			name = Release;
		};
		C0675A381F62A6FC00F97604 /* Debug */ = {
			isa = XCBuildConfiguration;
			buildSettings = {
				ALWAYS_SEARCH_USER_PATHS = NO;
				CLANG_ANALYZER_NONNULL = YES;
				CLANG_ANALYZER_NUMBER_OBJECT_CONVERSION = YES_AGGRESSIVE;
				CLANG_CXX_LANGUAGE_STANDARD = "gnu++14";
				CLANG_CXX_LIBRARY = "libc++";
				CLANG_ENABLE_MODULES = YES;
				CLANG_ENABLE_OBJC_ARC = YES;
				CLANG_WARN_DIRECT_OBJC_ISA_USAGE = YES_ERROR;
				CLANG_WARN_DOCUMENTATION_COMMENTS = YES;
				CLANG_WARN_OBJC_ROOT_CLASS = YES_ERROR;
				CLANG_WARN_UNGUARDED_AVAILABILITY = YES_AGGRESSIVE;
				CODE_SIGN_IDENTITY = "iPhone Developer";
				CODE_SIGN_STYLE = Automatic;
				COPY_PHASE_STRIP = NO;
				DEBUG_INFORMATION_FORMAT = dwarf;
				DEVELOPMENT_TEAM = 7KYE23EN5P;
				GCC_C_LANGUAGE_STANDARD = gnu11;
				GCC_DYNAMIC_NO_PIC = NO;
				GCC_PREPROCESSOR_DEFINITIONS = (
					"DEBUG=1",
					"$(inherited)",
				);
				GCC_WARN_ABOUT_RETURN_TYPE = YES_ERROR;
				GCC_WARN_UNINITIALIZED_AUTOS = YES_AGGRESSIVE;
				INFOPLIST_FILE = PDFKittenLibTests/Info.plist;
				IPHONEOS_DEPLOYMENT_TARGET = 11.0;
				LD_RUNPATH_SEARCH_PATHS = "$(inherited) @executable_path/Frameworks @loader_path/Frameworks";
				MTL_ENABLE_DEBUG_INFO = YES;
				PRODUCT_BUNDLE_IDENTIFIER = com.ghostdust.PDFKittenLibTests;
				PRODUCT_NAME = "$(TARGET_NAME)";
				TARGETED_DEVICE_FAMILY = "1,2";
				TEST_HOST = "$(BUILT_PRODUCTS_DIR)/PDFKitten.app/PDFKitten";
			};
			name = Debug;
		};
		C0675A391F62A6FC00F97604 /* Release */ = {
			isa = XCBuildConfiguration;
			buildSettings = {
				ALWAYS_SEARCH_USER_PATHS = NO;
				CLANG_ANALYZER_NONNULL = YES;
				CLANG_ANALYZER_NUMBER_OBJECT_CONVERSION = YES_AGGRESSIVE;
				CLANG_CXX_LANGUAGE_STANDARD = "gnu++14";
				CLANG_CXX_LIBRARY = "libc++";
				CLANG_ENABLE_MODULES = YES;
				CLANG_ENABLE_OBJC_ARC = YES;
				CLANG_WARN_DIRECT_OBJC_ISA_USAGE = YES_ERROR;
				CLANG_WARN_DOCUMENTATION_COMMENTS = YES;
				CLANG_WARN_OBJC_ROOT_CLASS = YES_ERROR;
				CLANG_WARN_UNGUARDED_AVAILABILITY = YES_AGGRESSIVE;
				CODE_SIGN_IDENTITY = "iPhone Developer";
				CODE_SIGN_STYLE = Automatic;
				COPY_PHASE_STRIP = NO;
				DEBUG_INFORMATION_FORMAT = "dwarf-with-dsym";
				DEVELOPMENT_TEAM = 7KYE23EN5P;
				ENABLE_NS_ASSERTIONS = NO;
				GCC_C_LANGUAGE_STANDARD = gnu11;
				GCC_WARN_ABOUT_RETURN_TYPE = YES_ERROR;
				GCC_WARN_UNINITIALIZED_AUTOS = YES_AGGRESSIVE;
				INFOPLIST_FILE = PDFKittenLibTests/Info.plist;
				IPHONEOS_DEPLOYMENT_TARGET = 11.0;
				LD_RUNPATH_SEARCH_PATHS = "$(inherited) @executable_path/Frameworks @loader_path/Frameworks";
				MTL_ENABLE_DEBUG_INFO = NO;
				PRODUCT_BUNDLE_IDENTIFIER = com.ghostdust.PDFKittenLibTests;
				PRODUCT_NAME = "$(TARGET_NAME)";
				TARGETED_DEVICE_FAMILY = "1,2";
				TEST_HOST = "$(BUILT_PRODUCTS_DIR)/PDFKitten.app/PDFKitten";
				VALIDATE_PRODUCT = YES;
			};
			name = Release;
		};
/* End XCBuildConfiguration section */

/* Begin XCConfigurationList section */
		2C0E15A113589B0B004096C7 /* Build configuration list for PBXProject "PDFKitten" */ = {
			isa = XCConfigurationList;
			buildConfigurations = (
				2C0E15DC13589B0C004096C7 /* Debug */,
				2C0E15DD13589B0C004096C7 /* Release */,
			);
			defaultConfigurationIsVisible = 0;
			defaultConfigurationName = Release;
		};
		2C0E15DE13589B0C004096C7 /* Build configuration list for PBXNativeTarget "PDFKittenDemo" */ = {
			isa = XCConfigurationList;
			buildConfigurations = (
				2C0E15DF13589B0C004096C7 /* Debug */,
				2C0E15E013589B0C004096C7 /* Release */,
			);
			defaultConfigurationIsVisible = 0;
			defaultConfigurationName = Release;
		};
		2C35AD7C167E02E000BA5F79 /* Build configuration list for PBXNativeTarget "PDFKittenTests" */ = {
			isa = XCConfigurationList;
			buildConfigurations = (
				2C35AD7D167E02E000BA5F79 /* Debug */,
				2C35AD7E167E02E000BA5F79 /* Release */,
			);
			defaultConfigurationIsVisible = 0;
			defaultConfigurationName = Release;
		};
		87FD1540177DAEDA00070AAA /* Build configuration list for PBXNativeTarget "PDFKitten" */ = {
			isa = XCConfigurationList;
			buildConfigurations = (
				87FD153E177DAEDA00070AAA /* Debug */,
				87FD153F177DAEDA00070AAA /* Release */,
			);
			defaultConfigurationIsVisible = 0;
			defaultConfigurationName = Release;
		};
		C0675A331F62A6FC00F97604 /* Build configuration list for PBXNativeTarget "PDFKittenLib" */ = {
			isa = XCConfigurationList;
			buildConfigurations = (
				C0675A341F62A6FC00F97604 /* Debug */,
				C0675A351F62A6FC00F97604 /* Release */,
			);
			defaultConfigurationIsVisible = 0;
			defaultConfigurationName = Release;
		};
		C0675A371F62A6FC00F97604 /* Build configuration list for PBXNativeTarget "PDFKittenLibTests" */ = {
			isa = XCConfigurationList;
			buildConfigurations = (
				C0675A381F62A6FC00F97604 /* Debug */,
				C0675A391F62A6FC00F97604 /* Release */,
			);
			defaultConfigurationIsVisible = 0;
			defaultConfigurationName = Release;
		};
/* End XCConfigurationList section */
	};
	rootObject = 2C0E159E13589B0B004096C7 /* Project object */;
}
